// !$*UTF8*$!
{
	archiveVersion = 1;
	classes = {
	};
	objectVersion = 46;
	objects = {

/* Begin PBXBuildFile section */
		0805F28917A7940300963343 /* LSPostPhotoViewController.m in Sources */ = {isa = PBXBuildFile; fileRef = 0805F28817A7940300963343 /* LSPostPhotoViewController.m */; };
		0805F29217A7946300963343 /* UIImage+ResizeAdditions.m in Sources */ = {isa = PBXBuildFile; fileRef = 0805F28D17A7946300963343 /* UIImage+ResizeAdditions.m */; };
		0805F29317A7946300963343 /* UIImage+AlphaAdditions.m in Sources */ = {isa = PBXBuildFile; fileRef = 0805F28F17A7946300963343 /* UIImage+AlphaAdditions.m */; };
		0805F29417A7946300963343 /* UIImage+RoundedCornerAdditions.m in Sources */ = {isa = PBXBuildFile; fileRef = 0805F29117A7946300963343 /* UIImage+RoundedCornerAdditions.m */; };
		0823B42817A0A4DE00FE86FF /* LSConstants.m in Sources */ = {isa = PBXBuildFile; fileRef = 0823B42717A0A4DE00FE86FF /* LSConstants.m */; };
		0823B42D17A0B11500FE86FF /* LSWelcomeButton.m in Sources */ = {isa = PBXBuildFile; fileRef = 0823B42C17A0B11500FE86FF /* LSWelcomeButton.m */; };
		0823B44517A0D4C400FE86FF /* LSListingCell.m in Sources */ = {isa = PBXBuildFile; fileRef = 0823B44417A0D3F600FE86FF /* LSListingCell.m */; };
		0823B44617A0D4C700FE86FF /* LSLoadMoreCell.m in Sources */ = {isa = PBXBuildFile; fileRef = 0823B44217A0D3EB00FE86FF /* LSLoadMoreCell.m */; };
		0837080E17C3791700576377 /* HockeySDK.framework in Frameworks */ = {isa = PBXBuildFile; fileRef = 0837080A17C3791700576377 /* HockeySDK.framework */; };
		0837080F17C3791700576377 /* HockeySDK.xcconfig in Resources */ = {isa = PBXBuildFile; fileRef = 0837080C17C3791700576377 /* HockeySDK.xcconfig */; };
		0837081017C3791700576377 /* HockeySDKResources.bundle in Resources */ = {isa = PBXBuildFile; fileRef = 0837080D17C3791700576377 /* HockeySDKResources.bundle */; };
		0837081217C3793C00576377 /* CoreText.framework in Frameworks */ = {isa = PBXBuildFile; fileRef = 0837081117C3793C00576377 /* CoreText.framework */; };
		083D470D17D7FB310081FE4B /* JSBubbleMessageCell.m in Sources */ = {isa = PBXBuildFile; fileRef = 083D46D517D7FB300081FE4B /* JSBubbleMessageCell.m */; };
		083D470E17D7FB310081FE4B /* JSBubbleView.m in Sources */ = {isa = PBXBuildFile; fileRef = 083D46D717D7FB300081FE4B /* JSBubbleView.m */; };
		083D470F17D7FB310081FE4B /* JSDismissiveTextView.m in Sources */ = {isa = PBXBuildFile; fileRef = 083D46D917D7FB300081FE4B /* JSDismissiveTextView.m */; };
		083D471017D7FB310081FE4B /* JSMessageInputView.m in Sources */ = {isa = PBXBuildFile; fileRef = 083D46DB17D7FB300081FE4B /* JSMessageInputView.m */; };
		083D471117D7FB310081FE4B /* JSMessageSoundEffect.m in Sources */ = {isa = PBXBuildFile; fileRef = 083D46DD17D7FB300081FE4B /* JSMessageSoundEffect.m */; };
		083D471217D7FB310081FE4B /* JSMessagesViewController.m in Sources */ = {isa = PBXBuildFile; fileRef = 083D46DF17D7FB300081FE4B /* JSMessagesViewController.m */; };
		083D471317D7FB310081FE4B /* NSString+JSMessagesView.m in Sources */ = {isa = PBXBuildFile; fileRef = 083D46E117D7FB300081FE4B /* NSString+JSMessagesView.m */; };
		083D471417D7FB310081FE4B /* bubble-default-incoming-green.png in Resources */ = {isa = PBXBuildFile; fileRef = 083D46E417D7FB300081FE4B /* bubble-default-incoming-green.png */; };
		083D471517D7FB310081FE4B /* bubble-default-incoming-green@2x.png in Resources */ = {isa = PBXBuildFile; fileRef = 083D46E517D7FB300081FE4B /* bubble-default-incoming-green@2x.png */; };
		083D471617D7FB310081FE4B /* bubble-default-incoming-selected.png in Resources */ = {isa = PBXBuildFile; fileRef = 083D46E617D7FB300081FE4B /* bubble-default-incoming-selected.png */; };
		083D471717D7FB310081FE4B /* bubble-default-incoming-selected@2x.png in Resources */ = {isa = PBXBuildFile; fileRef = 083D46E717D7FB300081FE4B /* bubble-default-incoming-selected@2x.png */; };
		083D471817D7FB310081FE4B /* bubble-default-incoming.png in Resources */ = {isa = PBXBuildFile; fileRef = 083D46E817D7FB300081FE4B /* bubble-default-incoming.png */; };
		083D471917D7FB310081FE4B /* bubble-default-incoming@2x.png in Resources */ = {isa = PBXBuildFile; fileRef = 083D46E917D7FB300081FE4B /* bubble-default-incoming@2x.png */; };
		083D471A17D7FB310081FE4B /* bubble-default-outgoing-green.png in Resources */ = {isa = PBXBuildFile; fileRef = 083D46EA17D7FB300081FE4B /* bubble-default-outgoing-green.png */; };
		083D471B17D7FB310081FE4B /* bubble-default-outgoing-green@2x.png in Resources */ = {isa = PBXBuildFile; fileRef = 083D46EB17D7FB300081FE4B /* bubble-default-outgoing-green@2x.png */; };
		083D471C17D7FB310081FE4B /* bubble-default-outgoing-selected.png in Resources */ = {isa = PBXBuildFile; fileRef = 083D46EC17D7FB300081FE4B /* bubble-default-outgoing-selected.png */; };
		083D471D17D7FB310081FE4B /* bubble-default-outgoing-selected@2x.png in Resources */ = {isa = PBXBuildFile; fileRef = 083D46ED17D7FB300081FE4B /* bubble-default-outgoing-selected@2x.png */; };
		083D471E17D7FB310081FE4B /* bubble-default-outgoing.png in Resources */ = {isa = PBXBuildFile; fileRef = 083D46EE17D7FB300081FE4B /* bubble-default-outgoing.png */; };
		083D471F17D7FB310081FE4B /* bubble-default-outgoing@2x.png in Resources */ = {isa = PBXBuildFile; fileRef = 083D46EF17D7FB300081FE4B /* bubble-default-outgoing@2x.png */; };
		083D472017D7FB310081FE4B /* bubble-square-incoming-selected.png in Resources */ = {isa = PBXBuildFile; fileRef = 083D46F017D7FB300081FE4B /* bubble-square-incoming-selected.png */; };
		083D472117D7FB310081FE4B /* bubble-square-incoming-selected@2x.png in Resources */ = {isa = PBXBuildFile; fileRef = 083D46F117D7FB300081FE4B /* bubble-square-incoming-selected@2x.png */; };
		083D472217D7FB310081FE4B /* bubble-square-incoming.png in Resources */ = {isa = PBXBuildFile; fileRef = 083D46F217D7FB300081FE4B /* bubble-square-incoming.png */; };
		083D472317D7FB310081FE4B /* bubble-square-incoming@2x.png in Resources */ = {isa = PBXBuildFile; fileRef = 083D46F317D7FB300081FE4B /* bubble-square-incoming@2x.png */; };
		083D472417D7FB310081FE4B /* bubble-square-outgoing-selected.png in Resources */ = {isa = PBXBuildFile; fileRef = 083D46F417D7FB300081FE4B /* bubble-square-outgoing-selected.png */; };
		083D472517D7FB310081FE4B /* bubble-square-outgoing-selected@2x.png in Resources */ = {isa = PBXBuildFile; fileRef = 083D46F517D7FB300081FE4B /* bubble-square-outgoing-selected@2x.png */; };
		083D472617D7FB310081FE4B /* bubble-square-outgoing.png in Resources */ = {isa = PBXBuildFile; fileRef = 083D46F617D7FB300081FE4B /* bubble-square-outgoing.png */; };
		083D472717D7FB310081FE4B /* bubble-square-outgoing@2x.png in Resources */ = {isa = PBXBuildFile; fileRef = 083D46F717D7FB300081FE4B /* bubble-square-outgoing@2x.png */; };
		083D472817D7FB310081FE4B /* bubble-typing.png in Resources */ = {isa = PBXBuildFile; fileRef = 083D46F817D7FB300081FE4B /* bubble-typing.png */; };
		083D472917D7FB310081FE4B /* bubble-typing@2x.png in Resources */ = {isa = PBXBuildFile; fileRef = 083D46F917D7FB300081FE4B /* bubble-typing@2x.png */; };
		083D472A17D7FB310081FE4B /* input-bar.png in Resources */ = {isa = PBXBuildFile; fileRef = 083D46FA17D7FB300081FE4B /* input-bar.png */; };
		083D472B17D7FB310081FE4B /* input-bar@2x.png in Resources */ = {isa = PBXBuildFile; fileRef = 083D46FB17D7FB300081FE4B /* input-bar@2x.png */; };
		083D472C17D7FB310081FE4B /* input-field.png in Resources */ = {isa = PBXBuildFile; fileRef = 083D46FC17D7FB300081FE4B /* input-field.png */; };
		083D472D17D7FB310081FE4B /* input-field@2x.png in Resources */ = {isa = PBXBuildFile; fileRef = 083D46FD17D7FB300081FE4B /* input-field@2x.png */; };
		083D472E17D7FB310081FE4B /* send-highlighted.png in Resources */ = {isa = PBXBuildFile; fileRef = 083D46FE17D7FB300081FE4B /* send-highlighted.png */; };
		083D472F17D7FB310081FE4B /* send-highlighted@2x.png in Resources */ = {isa = PBXBuildFile; fileRef = 083D46FF17D7FB300081FE4B /* send-highlighted@2x.png */; };
		083D473017D7FB310081FE4B /* send.png in Resources */ = {isa = PBXBuildFile; fileRef = 083D470017D7FB300081FE4B /* send.png */; };
		083D473117D7FB310081FE4B /* send@2x.png in Resources */ = {isa = PBXBuildFile; fileRef = 083D470117D7FB300081FE4B /* send@2x.png */; };
		083D473217D7FB310081FE4B /* messageReceived.aiff in Resources */ = {isa = PBXBuildFile; fileRef = 083D470317D7FB300081FE4B /* messageReceived.aiff */; };
		083D473317D7FB310081FE4B /* messageSent.aiff in Resources */ = {isa = PBXBuildFile; fileRef = 083D470417D7FB300081FE4B /* messageSent.aiff */; };
		083D473417D7FB310081FE4B /* UIButton+JSMessagesView.m in Sources */ = {isa = PBXBuildFile; fileRef = 083D470617D7FB300081FE4B /* UIButton+JSMessagesView.m */; };
		083D473517D7FB310081FE4B /* UIColor+JSMessagesView.m in Sources */ = {isa = PBXBuildFile; fileRef = 083D470817D7FB300081FE4B /* UIColor+JSMessagesView.m */; };
		083D473617D7FB310081FE4B /* UIImage+JSMessagesView.m in Sources */ = {isa = PBXBuildFile; fileRef = 083D470A17D7FB310081FE4B /* UIImage+JSMessagesView.m */; };
		083D473717D7FB310081FE4B /* UIView+AnimationOptionsForCurve.m in Sources */ = {isa = PBXBuildFile; fileRef = 083D470C17D7FB310081FE4B /* UIView+AnimationOptionsForCurve.m */; };
		083D474017DD2C670081FE4B /* LSNewConversationViewController.m in Sources */ = {isa = PBXBuildFile; fileRef = 083D473F17DD2C670081FE4B /* LSNewConversationViewController.m */; };
		083D474317DD31CA0081FE4B /* LSConversationHeader.m in Sources */ = {isa = PBXBuildFile; fileRef = 083D474217DD31CA0081FE4B /* LSConversationHeader.m */; };
		08AB64F317BEB55D00EF8D0D /* LSPostDetailViewController.m in Sources */ = {isa = PBXBuildFile; fileRef = 08AB64F117BEB55C00EF8D0D /* LSPostDetailViewController.m */; };
		08AB64F417BEB55D00EF8D0D /* LSPostDetailViewController.xib in Resources */ = {isa = PBXBuildFile; fileRef = 08AB64F217BEB55D00EF8D0D /* LSPostDetailViewController.xib */; };
		08AB64F817C034D700EF8D0D /* LSTabBarController.m in Sources */ = {isa = PBXBuildFile; fileRef = 08AB64F717C034D600EF8D0D /* LSTabBarController.m */; };
		08B69AF817A0680F00F32A3C /* LSWelcomeViewController.m in Sources */ = {isa = PBXBuildFile; fileRef = 08B69AF617A0680F00F32A3C /* LSWelcomeViewController.m */; };
		08E05CEC17D7A53800393A3D /* PFUser+PrivateChannelName.m in Sources */ = {isa = PBXBuildFile; fileRef = 08E05CEB17D7A53800393A3D /* PFUser+PrivateChannelName.m */; };
		08EB0F5017B300D600C5E4FF /* LSSignupViewController.m in Sources */ = {isa = PBXBuildFile; fileRef = 08EB0F4D17B300D600C5E4FF /* LSSignupViewController.m */; };
		08EB0F5117B300D600C5E4FF /* LSLoginViewController.m in Sources */ = {isa = PBXBuildFile; fileRef = 08EB0F4F17B300D600C5E4FF /* LSLoginViewController.m */; };
		08EB0F5417B3011500C5E4FF /* LSSignupViewController.xib in Resources */ = {isa = PBXBuildFile; fileRef = 08EB0F5217B3011500C5E4FF /* LSSignupViewController.xib */; };
		08EB0F5517B3011500C5E4FF /* LSLoginViewController.xib in Resources */ = {isa = PBXBuildFile; fileRef = 08EB0F5317B3011500C5E4FF /* LSLoginViewController.xib */; };
		08EB0F5817B3024C00C5E4FF /* LSActivityView.m in Sources */ = {isa = PBXBuildFile; fileRef = 08EB0F5717B3024C00C5E4FF /* LSActivityView.m */; };
		08EB0F5B17B303EA00C5E4FF /* LSLoginSignupViewController.m in Sources */ = {isa = PBXBuildFile; fileRef = 08EB0F5A17B303EA00C5E4FF /* LSLoginSignupViewController.m */; };
		08EB0F5D17B3113600C5E4FF /* LSLoginSignupViewController.xib in Resources */ = {isa = PBXBuildFile; fileRef = 08EB0F5C17B3113600C5E4FF /* LSLoginSignupViewController.xib */; };
		08EB0F6017B32DA300C5E4FF /* LSLocationController.m in Sources */ = {isa = PBXBuildFile; fileRef = 08EB0F5F17B32DA300C5E4FF /* LSLocationController.m */; };
		08EB0F6417B3496100C5E4FF /* LSMapViewController.m in Sources */ = {isa = PBXBuildFile; fileRef = 08EB0F6317B3496100C5E4FF /* LSMapViewController.m */; };
		08EB0F6E17B3559D00C5E4FF /* LSPost.m in Sources */ = {isa = PBXBuildFile; fileRef = 08EB0F6D17B3559D00C5E4FF /* LSPost.m */; };
		08EB0F7017B3589400C5E4FF /* MapKit.framework in Frameworks */ = {isa = PBXBuildFile; fileRef = 08EB0F6F17B3589400C5E4FF /* MapKit.framework */; };
		08EB0F7317B35C0600C5E4FF /* LSCameraPresenterController.m in Sources */ = {isa = PBXBuildFile; fileRef = 08EB0F7217B35C0600C5E4FF /* LSCameraPresenterController.m */; };
		08EB0F7517B3623300C5E4FF /* LSMapViewController.xib in Resources */ = {isa = PBXBuildFile; fileRef = 08EB0F7417B3623300C5E4FF /* LSMapViewController.xib */; };
		08EB0F7917B4738000C5E4FF /* LSConversationViewController.m in Sources */ = {isa = PBXBuildFile; fileRef = 08EB0F7817B4738000C5E4FF /* LSConversationViewController.m */; };
		08EB0F7C17B4782D00C5E4FF /* LSConversationCell.m in Sources */ = {isa = PBXBuildFile; fileRef = 08EB0F7B17B4782D00C5E4FF /* LSConversationCell.m */; };
		08EB0F7F17B47A6000C5E4FF /* TTTTimeIntervalFormatter.m in Sources */ = {isa = PBXBuildFile; fileRef = 08EB0F7E17B47A6000C5E4FF /* TTTTimeIntervalFormatter.m */; };
		08EB0F8417B569F300C5E4FF /* LSConversationSummaryViewController.m in Sources */ = {isa = PBXBuildFile; fileRef = 08EB0F8217B569F200C5E4FF /* LSConversationSummaryViewController.m */; };
		08EB0F8817B8857200C5E4FF /* LSConversationSummaryCell.m in Sources */ = {isa = PBXBuildFile; fileRef = 08EB0F8717B8857100C5E4FF /* LSConversationSummaryCell.m */; };
		08F45598179F7C8200CB7E2D /* UIKit.framework in Frameworks */ = {isa = PBXBuildFile; fileRef = 08F45597179F7C8200CB7E2D /* UIKit.framework */; };
		08F4559A179F7C8200CB7E2D /* Foundation.framework in Frameworks */ = {isa = PBXBuildFile; fileRef = 08F45599179F7C8200CB7E2D /* Foundation.framework */; };
		08F4559C179F7C8200CB7E2D /* CoreGraphics.framework in Frameworks */ = {isa = PBXBuildFile; fileRef = 08F4559B179F7C8200CB7E2D /* CoreGraphics.framework */; };
		08F455A2179F7C8200CB7E2D /* InfoPlist.strings in Resources */ = {isa = PBXBuildFile; fileRef = 08F455A0179F7C8200CB7E2D /* InfoPlist.strings */; };
		08F455A4179F7C8200CB7E2D /* main.m in Sources */ = {isa = PBXBuildFile; fileRef = 08F455A3179F7C8200CB7E2D /* main.m */; };
		08F455A8179F7C8200CB7E2D /* LSAppDelegate.m in Sources */ = {isa = PBXBuildFile; fileRef = 08F455A7179F7C8200CB7E2D /* LSAppDelegate.m */; };
		08F455BB179F7CB100CB7E2D /* Parse.framework in Frameworks */ = {isa = PBXBuildFile; fileRef = 08F455BA179F7CB100CB7E2D /* Parse.framework */; };
		08F455BD179F7CE000CB7E2D /* AudioToolbox.framework in Frameworks */ = {isa = PBXBuildFile; fileRef = 08F455BC179F7CE000CB7E2D /* AudioToolbox.framework */; };
		08F455BF179F7CE500CB7E2D /* CFNetwork.framework in Frameworks */ = {isa = PBXBuildFile; fileRef = 08F455BE179F7CE500CB7E2D /* CFNetwork.framework */; };
		08F455C1179F7CEE00CB7E2D /* CoreLocation.framework in Frameworks */ = {isa = PBXBuildFile; fileRef = 08F455C0179F7CEE00CB7E2D /* CoreLocation.framework */; };
		08F455C3179F7CF300CB7E2D /* MobileCoreServices.framework in Frameworks */ = {isa = PBXBuildFile; fileRef = 08F455C2179F7CF300CB7E2D /* MobileCoreServices.framework */; };
		08F455C5179F7CF900CB7E2D /* QuartzCore.framework in Frameworks */ = {isa = PBXBuildFile; fileRef = 08F455C4179F7CF900CB7E2D /* QuartzCore.framework */; };
		08F455C7179F7CFD00CB7E2D /* Security.framework in Frameworks */ = {isa = PBXBuildFile; fileRef = 08F455C6179F7CFD00CB7E2D /* Security.framework */; };
		08F455C9179F7D0500CB7E2D /* StoreKit.framework in Frameworks */ = {isa = PBXBuildFile; fileRef = 08F455C8179F7D0500CB7E2D /* StoreKit.framework */; };
		08F455CB179F7D0A00CB7E2D /* SystemConfiguration.framework in Frameworks */ = {isa = PBXBuildFile; fileRef = 08F455CA179F7D0A00CB7E2D /* SystemConfiguration.framework */; };
		08F455CD179F7D1100CB7E2D /* libz.1.1.3.dylib in Frameworks */ = {isa = PBXBuildFile; fileRef = 08F455CC179F7D1100CB7E2D /* libz.1.1.3.dylib */; };
		08F8DCC117AEFDA700A6AE60 /* LSPostPhotoViewController.xib in Resources */ = {isa = PBXBuildFile; fileRef = 08F8DCC017AEFDA700A6AE60 /* LSPostPhotoViewController.xib */; };
		08F8DCC417AF7E6300A6AE60 /* LSPaddedTextField.m in Sources */ = {isa = PBXBuildFile; fileRef = 08F8DCC317AF7E6300A6AE60 /* LSPaddedTextField.m */; };
		5D44DF9817B967EF000E0B9C /* TabBarMe@2x.png in Resources */ = {isa = PBXBuildFile; fileRef = 5D44DF9017B967EF000E0B9C /* TabBarMe@2x.png */; };
		5D44DF9917B967EF000E0B9C /* TabBarMe.png in Resources */ = {isa = PBXBuildFile; fileRef = 5D44DF9117B967EF000E0B9C /* TabBarMe.png */; };
		5D44DF9A17B967EF000E0B9C /* TabBarPost@2x.png in Resources */ = {isa = PBXBuildFile; fileRef = 5D44DF9217B967EF000E0B9C /* TabBarPost@2x.png */; };
		5D44DF9B17B967EF000E0B9C /* TabBarPost.png in Resources */ = {isa = PBXBuildFile; fileRef = 5D44DF9317B967EF000E0B9C /* TabBarPost.png */; };
		5D44DF9C17B967EF000E0B9C /* TabBarMessage@2x.png in Resources */ = {isa = PBXBuildFile; fileRef = 5D44DF9417B967EF000E0B9C /* TabBarMessage@2x.png */; };
		5D44DF9D17B967EF000E0B9C /* TabBarMessage.png in Resources */ = {isa = PBXBuildFile; fileRef = 5D44DF9517B967EF000E0B9C /* TabBarMessage.png */; };
		5D44DF9E17B967EF000E0B9C /* TabBarMap@2x.png in Resources */ = {isa = PBXBuildFile; fileRef = 5D44DF9617B967EF000E0B9C /* TabBarMap@2x.png */; };
		5D44DF9F17B967EF000E0B9C /* TabBarMap.png in Resources */ = {isa = PBXBuildFile; fileRef = 5D44DF9717B967EF000E0B9C /* TabBarMap.png */; };
		5D6C3F5217B44A710036BD08 /* Icon-72.png in Resources */ = {isa = PBXBuildFile; fileRef = 5D6C3F4B17B44A710036BD08 /* Icon-72.png */; };
		5D6C3F5317B44A710036BD08 /* Icon-small-50.png in Resources */ = {isa = PBXBuildFile; fileRef = 5D6C3F4C17B44A710036BD08 /* Icon-small-50.png */; };
		5D6C3F5417B44A710036BD08 /* Icon-small.png in Resources */ = {isa = PBXBuildFile; fileRef = 5D6C3F4D17B44A710036BD08 /* Icon-small.png */; };
		5D6C3F5517B44A710036BD08 /* Icon.png in Resources */ = {isa = PBXBuildFile; fileRef = 5D6C3F4E17B44A710036BD08 /* Icon.png */; };
		5D6C3F5617B44A710036BD08 /* Icon@2x.png in Resources */ = {isa = PBXBuildFile; fileRef = 5D6C3F4F17B44A710036BD08 /* Icon@2x.png */; };
		5D6C3F5717B44A710036BD08 /* iTunesArtwork.png in Resources */ = {isa = PBXBuildFile; fileRef = 5D6C3F5017B44A710036BD08 /* iTunesArtwork.png */; };
		5D6C3F5817B44A710036BD08 /* iTunesArtwork@2x.png in Resources */ = {isa = PBXBuildFile; fileRef = 5D6C3F5117B44A710036BD08 /* iTunesArtwork@2x.png */; };
		5D77658517D781F500F34A02 /* GPSicon.png in Resources */ = {isa = PBXBuildFile; fileRef = 5D77658317D781F400F34A02 /* GPSicon.png */; };
		5D77658617D781F500F34A02 /* GPSicon@2x.png in Resources */ = {isa = PBXBuildFile; fileRef = 5D77658417D781F400F34A02 /* GPSicon@2x.png */; };
		5D77659017D79F8700F34A02 /* LSMeViewController.m in Sources */ = {isa = PBXBuildFile; fileRef = 5D77658E17D79F8700F34A02 /* LSMeViewController.m */; };
		5D77659117D79F8700F34A02 /* LSMeViewController.xib in Resources */ = {isa = PBXBuildFile; fileRef = 5D77658F17D79F8700F34A02 /* LSMeViewController.xib */; };
		5D77659717D8242500F34A02 /* LSCameraOverlayRect.m in Sources */ = {isa = PBXBuildFile; fileRef = 5D77659617D8242500F34A02 /* LSCameraOverlayRect.m */; };
		5DA3557A17CAE4CA00CEC3D3 /* greenblock.png in Resources */ = {isa = PBXBuildFile; fileRef = 5DA3557917CAE4CA00CEC3D3 /* greenblock.png */; };
		5DA3557F17CAE8C700CEC3D3 /* plain.png in Resources */ = {isa = PBXBuildFile; fileRef = 5DA3557B17CAE8C700CEC3D3 /* plain.png */; };
		5DA3558017CAE8C700CEC3D3 /* plain2.png in Resources */ = {isa = PBXBuildFile; fileRef = 5DA3557C17CAE8C700CEC3D3 /* plain2.png */; };
		5DA3558117CAE8C700CEC3D3 /* plain3.png in Resources */ = {isa = PBXBuildFile; fileRef = 5DA3557D17CAE8C700CEC3D3 /* plain3.png */; };
		5DA3558217CAE8C700CEC3D3 /* plain4.png in Resources */ = {isa = PBXBuildFile; fileRef = 5DA3557E17CAE8C700CEC3D3 /* plain4.png */; };
		5DA73C3117C4052A001ED879 /* Default.png in Resources */ = {isa = PBXBuildFile; fileRef = 5DA73C2E17C4052A001ED879 /* Default.png */; };
		5DA73C3717C55A0D001ED879 /* Default-568h@2x.png in Resources */ = {isa = PBXBuildFile; fileRef = 5DA73C3517C55A0D001ED879 /* Default-568h@2x.png */; };
		5DA73C3817C55A0D001ED879 /* Default@2x.png in Resources */ = {isa = PBXBuildFile; fileRef = 5DA73C3617C55A0D001ED879 /* Default@2x.png */; };
/* End PBXBuildFile section */

/* Begin PBXFileReference section */
		0805F28717A7940300963343 /* LSPostPhotoViewController.h */ = {isa = PBXFileReference; fileEncoding = 4; lastKnownFileType = sourcecode.c.h; path = LSPostPhotoViewController.h; sourceTree = "<group>"; };
		0805F28817A7940300963343 /* LSPostPhotoViewController.m */ = {isa = PBXFileReference; fileEncoding = 4; lastKnownFileType = sourcecode.c.objc; path = LSPostPhotoViewController.m; sourceTree = "<group>"; };
		0805F28C17A7946300963343 /* UIImage+ResizeAdditions.h */ = {isa = PBXFileReference; fileEncoding = 4; lastKnownFileType = sourcecode.c.h; path = "UIImage+ResizeAdditions.h"; sourceTree = "<group>"; };
		0805F28D17A7946300963343 /* UIImage+ResizeAdditions.m */ = {isa = PBXFileReference; fileEncoding = 4; lastKnownFileType = sourcecode.c.objc; path = "UIImage+ResizeAdditions.m"; sourceTree = "<group>"; };
		0805F28E17A7946300963343 /* UIImage+AlphaAdditions.h */ = {isa = PBXFileReference; fileEncoding = 4; lastKnownFileType = sourcecode.c.h; path = "UIImage+AlphaAdditions.h"; sourceTree = "<group>"; };
		0805F28F17A7946300963343 /* UIImage+AlphaAdditions.m */ = {isa = PBXFileReference; fileEncoding = 4; lastKnownFileType = sourcecode.c.objc; path = "UIImage+AlphaAdditions.m"; sourceTree = "<group>"; };
		0805F29017A7946300963343 /* UIImage+RoundedCornerAdditions.h */ = {isa = PBXFileReference; fileEncoding = 4; lastKnownFileType = sourcecode.c.h; path = "UIImage+RoundedCornerAdditions.h"; sourceTree = "<group>"; };
		0805F29117A7946300963343 /* UIImage+RoundedCornerAdditions.m */ = {isa = PBXFileReference; fileEncoding = 4; lastKnownFileType = sourcecode.c.objc; path = "UIImage+RoundedCornerAdditions.m"; sourceTree = "<group>"; };
		0823B42617A0A4DE00FE86FF /* LSConstants.h */ = {isa = PBXFileReference; fileEncoding = 4; lastKnownFileType = sourcecode.c.h; path = LSConstants.h; sourceTree = "<group>"; };
		0823B42717A0A4DE00FE86FF /* LSConstants.m */ = {isa = PBXFileReference; fileEncoding = 4; lastKnownFileType = sourcecode.c.objc; path = LSConstants.m; sourceTree = "<group>"; };
		0823B42B17A0B11500FE86FF /* LSWelcomeButton.h */ = {isa = PBXFileReference; fileEncoding = 4; lastKnownFileType = sourcecode.c.h; path = LSWelcomeButton.h; sourceTree = "<group>"; };
		0823B42C17A0B11500FE86FF /* LSWelcomeButton.m */ = {isa = PBXFileReference; fileEncoding = 4; lastKnownFileType = sourcecode.c.objc; path = LSWelcomeButton.m; sourceTree = "<group>"; };
		0823B44117A0D3EB00FE86FF /* LSLoadMoreCell.h */ = {isa = PBXFileReference; lastKnownFileType = sourcecode.c.h; path = LSLoadMoreCell.h; sourceTree = "<group>"; };
		0823B44217A0D3EB00FE86FF /* LSLoadMoreCell.m */ = {isa = PBXFileReference; lastKnownFileType = sourcecode.c.objc; path = LSLoadMoreCell.m; sourceTree = "<group>"; };
		0823B44317A0D3F600FE86FF /* LSListingCell.h */ = {isa = PBXFileReference; lastKnownFileType = sourcecode.c.h; path = LSListingCell.h; sourceTree = "<group>"; };
		0823B44417A0D3F600FE86FF /* LSListingCell.m */ = {isa = PBXFileReference; lastKnownFileType = sourcecode.c.objc; path = LSListingCell.m; sourceTree = "<group>"; };
		0837080A17C3791700576377 /* HockeySDK.framework */ = {isa = PBXFileReference; lastKnownFileType = wrapper.framework; path = HockeySDK.framework; sourceTree = "<group>"; };
		0837080C17C3791700576377 /* HockeySDK.xcconfig */ = {isa = PBXFileReference; fileEncoding = 4; lastKnownFileType = text.xcconfig; path = HockeySDK.xcconfig; sourceTree = "<group>"; };
		0837080D17C3791700576377 /* HockeySDKResources.bundle */ = {isa = PBXFileReference; lastKnownFileType = "wrapper.plug-in"; path = HockeySDKResources.bundle; sourceTree = "<group>"; };
		0837081117C3793C00576377 /* CoreText.framework */ = {isa = PBXFileReference; lastKnownFileType = wrapper.framework; name = CoreText.framework; path = System/Library/Frameworks/CoreText.framework; sourceTree = SDKROOT; };
		083D46D417D7FB300081FE4B /* JSBubbleMessageCell.h */ = {isa = PBXFileReference; fileEncoding = 4; lastKnownFileType = sourcecode.c.h; path = JSBubbleMessageCell.h; sourceTree = "<group>"; };
		083D46D517D7FB300081FE4B /* JSBubbleMessageCell.m */ = {isa = PBXFileReference; fileEncoding = 4; lastKnownFileType = sourcecode.c.objc; path = JSBubbleMessageCell.m; sourceTree = "<group>"; };
		083D46D617D7FB300081FE4B /* JSBubbleView.h */ = {isa = PBXFileReference; fileEncoding = 4; lastKnownFileType = sourcecode.c.h; path = JSBubbleView.h; sourceTree = "<group>"; };
		083D46D717D7FB300081FE4B /* JSBubbleView.m */ = {isa = PBXFileReference; fileEncoding = 4; lastKnownFileType = sourcecode.c.objc; path = JSBubbleView.m; sourceTree = "<group>"; };
		083D46D817D7FB300081FE4B /* JSDismissiveTextView.h */ = {isa = PBXFileReference; fileEncoding = 4; lastKnownFileType = sourcecode.c.h; path = JSDismissiveTextView.h; sourceTree = "<group>"; };
		083D46D917D7FB300081FE4B /* JSDismissiveTextView.m */ = {isa = PBXFileReference; fileEncoding = 4; lastKnownFileType = sourcecode.c.objc; path = JSDismissiveTextView.m; sourceTree = "<group>"; };
		083D46DA17D7FB300081FE4B /* JSMessageInputView.h */ = {isa = PBXFileReference; fileEncoding = 4; lastKnownFileType = sourcecode.c.h; path = JSMessageInputView.h; sourceTree = "<group>"; };
		083D46DB17D7FB300081FE4B /* JSMessageInputView.m */ = {isa = PBXFileReference; fileEncoding = 4; lastKnownFileType = sourcecode.c.objc; path = JSMessageInputView.m; sourceTree = "<group>"; };
		083D46DC17D7FB300081FE4B /* JSMessageSoundEffect.h */ = {isa = PBXFileReference; fileEncoding = 4; lastKnownFileType = sourcecode.c.h; path = JSMessageSoundEffect.h; sourceTree = "<group>"; };
		083D46DD17D7FB300081FE4B /* JSMessageSoundEffect.m */ = {isa = PBXFileReference; fileEncoding = 4; lastKnownFileType = sourcecode.c.objc; path = JSMessageSoundEffect.m; sourceTree = "<group>"; };
		083D46DE17D7FB300081FE4B /* JSMessagesViewController.h */ = {isa = PBXFileReference; fileEncoding = 4; lastKnownFileType = sourcecode.c.h; path = JSMessagesViewController.h; sourceTree = "<group>"; };
		083D46DF17D7FB300081FE4B /* JSMessagesViewController.m */ = {isa = PBXFileReference; fileEncoding = 4; lastKnownFileType = sourcecode.c.objc; path = JSMessagesViewController.m; sourceTree = "<group>"; };
		083D46E017D7FB300081FE4B /* NSString+JSMessagesView.h */ = {isa = PBXFileReference; fileEncoding = 4; lastKnownFileType = sourcecode.c.h; path = "NSString+JSMessagesView.h"; sourceTree = "<group>"; };
		083D46E117D7FB300081FE4B /* NSString+JSMessagesView.m */ = {isa = PBXFileReference; fileEncoding = 4; lastKnownFileType = sourcecode.c.objc; path = "NSString+JSMessagesView.m"; sourceTree = "<group>"; };
		083D46E417D7FB300081FE4B /* bubble-default-incoming-green.png */ = {isa = PBXFileReference; lastKnownFileType = image.png; path = "bubble-default-incoming-green.png"; sourceTree = "<group>"; };
		083D46E517D7FB300081FE4B /* bubble-default-incoming-green@2x.png */ = {isa = PBXFileReference; lastKnownFileType = image.png; path = "bubble-default-incoming-green@2x.png"; sourceTree = "<group>"; };
		083D46E617D7FB300081FE4B /* bubble-default-incoming-selected.png */ = {isa = PBXFileReference; lastKnownFileType = image.png; path = "bubble-default-incoming-selected.png"; sourceTree = "<group>"; };
		083D46E717D7FB300081FE4B /* bubble-default-incoming-selected@2x.png */ = {isa = PBXFileReference; lastKnownFileType = image.png; path = "bubble-default-incoming-selected@2x.png"; sourceTree = "<group>"; };
		083D46E817D7FB300081FE4B /* bubble-default-incoming.png */ = {isa = PBXFileReference; lastKnownFileType = image.png; path = "bubble-default-incoming.png"; sourceTree = "<group>"; };
		083D46E917D7FB300081FE4B /* bubble-default-incoming@2x.png */ = {isa = PBXFileReference; lastKnownFileType = image.png; path = "bubble-default-incoming@2x.png"; sourceTree = "<group>"; };
		083D46EA17D7FB300081FE4B /* bubble-default-outgoing-green.png */ = {isa = PBXFileReference; lastKnownFileType = image.png; path = "bubble-default-outgoing-green.png"; sourceTree = "<group>"; };
		083D46EB17D7FB300081FE4B /* bubble-default-outgoing-green@2x.png */ = {isa = PBXFileReference; lastKnownFileType = image.png; path = "bubble-default-outgoing-green@2x.png"; sourceTree = "<group>"; };
		083D46EC17D7FB300081FE4B /* bubble-default-outgoing-selected.png */ = {isa = PBXFileReference; lastKnownFileType = image.png; path = "bubble-default-outgoing-selected.png"; sourceTree = "<group>"; };
		083D46ED17D7FB300081FE4B /* bubble-default-outgoing-selected@2x.png */ = {isa = PBXFileReference; lastKnownFileType = image.png; path = "bubble-default-outgoing-selected@2x.png"; sourceTree = "<group>"; };
		083D46EE17D7FB300081FE4B /* bubble-default-outgoing.png */ = {isa = PBXFileReference; lastKnownFileType = image.png; path = "bubble-default-outgoing.png"; sourceTree = "<group>"; };
		083D46EF17D7FB300081FE4B /* bubble-default-outgoing@2x.png */ = {isa = PBXFileReference; lastKnownFileType = image.png; path = "bubble-default-outgoing@2x.png"; sourceTree = "<group>"; };
		083D46F017D7FB300081FE4B /* bubble-square-incoming-selected.png */ = {isa = PBXFileReference; lastKnownFileType = image.png; path = "bubble-square-incoming-selected.png"; sourceTree = "<group>"; };
		083D46F117D7FB300081FE4B /* bubble-square-incoming-selected@2x.png */ = {isa = PBXFileReference; lastKnownFileType = image.png; path = "bubble-square-incoming-selected@2x.png"; sourceTree = "<group>"; };
		083D46F217D7FB300081FE4B /* bubble-square-incoming.png */ = {isa = PBXFileReference; lastKnownFileType = image.png; path = "bubble-square-incoming.png"; sourceTree = "<group>"; };
		083D46F317D7FB300081FE4B /* bubble-square-incoming@2x.png */ = {isa = PBXFileReference; lastKnownFileType = image.png; path = "bubble-square-incoming@2x.png"; sourceTree = "<group>"; };
		083D46F417D7FB300081FE4B /* bubble-square-outgoing-selected.png */ = {isa = PBXFileReference; lastKnownFileType = image.png; path = "bubble-square-outgoing-selected.png"; sourceTree = "<group>"; };
		083D46F517D7FB300081FE4B /* bubble-square-outgoing-selected@2x.png */ = {isa = PBXFileReference; lastKnownFileType = image.png; path = "bubble-square-outgoing-selected@2x.png"; sourceTree = "<group>"; };
		083D46F617D7FB300081FE4B /* bubble-square-outgoing.png */ = {isa = PBXFileReference; lastKnownFileType = image.png; path = "bubble-square-outgoing.png"; sourceTree = "<group>"; };
		083D46F717D7FB300081FE4B /* bubble-square-outgoing@2x.png */ = {isa = PBXFileReference; lastKnownFileType = image.png; path = "bubble-square-outgoing@2x.png"; sourceTree = "<group>"; };
		083D46F817D7FB300081FE4B /* bubble-typing.png */ = {isa = PBXFileReference; lastKnownFileType = image.png; path = "bubble-typing.png"; sourceTree = "<group>"; };
		083D46F917D7FB300081FE4B /* bubble-typing@2x.png */ = {isa = PBXFileReference; lastKnownFileType = image.png; path = "bubble-typing@2x.png"; sourceTree = "<group>"; };
		083D46FA17D7FB300081FE4B /* input-bar.png */ = {isa = PBXFileReference; lastKnownFileType = image.png; path = "input-bar.png"; sourceTree = "<group>"; };
		083D46FB17D7FB300081FE4B /* input-bar@2x.png */ = {isa = PBXFileReference; lastKnownFileType = image.png; path = "input-bar@2x.png"; sourceTree = "<group>"; };
		083D46FC17D7FB300081FE4B /* input-field.png */ = {isa = PBXFileReference; lastKnownFileType = image.png; path = "input-field.png"; sourceTree = "<group>"; };
		083D46FD17D7FB300081FE4B /* input-field@2x.png */ = {isa = PBXFileReference; lastKnownFileType = image.png; path = "input-field@2x.png"; sourceTree = "<group>"; };
		083D46FE17D7FB300081FE4B /* send-highlighted.png */ = {isa = PBXFileReference; lastKnownFileType = image.png; path = "send-highlighted.png"; sourceTree = "<group>"; };
		083D46FF17D7FB300081FE4B /* send-highlighted@2x.png */ = {isa = PBXFileReference; lastKnownFileType = image.png; path = "send-highlighted@2x.png"; sourceTree = "<group>"; };
		083D470017D7FB300081FE4B /* send.png */ = {isa = PBXFileReference; lastKnownFileType = image.png; path = send.png; sourceTree = "<group>"; };
		083D470117D7FB300081FE4B /* send@2x.png */ = {isa = PBXFileReference; lastKnownFileType = image.png; path = "send@2x.png"; sourceTree = "<group>"; };
		083D470317D7FB300081FE4B /* messageReceived.aiff */ = {isa = PBXFileReference; lastKnownFileType = audio.aiff; path = messageReceived.aiff; sourceTree = "<group>"; };
		083D470417D7FB300081FE4B /* messageSent.aiff */ = {isa = PBXFileReference; lastKnownFileType = audio.aiff; path = messageSent.aiff; sourceTree = "<group>"; };
		083D470517D7FB300081FE4B /* UIButton+JSMessagesView.h */ = {isa = PBXFileReference; fileEncoding = 4; lastKnownFileType = sourcecode.c.h; path = "UIButton+JSMessagesView.h"; sourceTree = "<group>"; };
		083D470617D7FB300081FE4B /* UIButton+JSMessagesView.m */ = {isa = PBXFileReference; fileEncoding = 4; lastKnownFileType = sourcecode.c.objc; path = "UIButton+JSMessagesView.m"; sourceTree = "<group>"; };
		083D470717D7FB300081FE4B /* UIColor+JSMessagesView.h */ = {isa = PBXFileReference; fileEncoding = 4; lastKnownFileType = sourcecode.c.h; path = "UIColor+JSMessagesView.h"; sourceTree = "<group>"; };
		083D470817D7FB300081FE4B /* UIColor+JSMessagesView.m */ = {isa = PBXFileReference; fileEncoding = 4; lastKnownFileType = sourcecode.c.objc; path = "UIColor+JSMessagesView.m"; sourceTree = "<group>"; };
		083D470917D7FB300081FE4B /* UIImage+JSMessagesView.h */ = {isa = PBXFileReference; fileEncoding = 4; lastKnownFileType = sourcecode.c.h; path = "UIImage+JSMessagesView.h"; sourceTree = "<group>"; };
		083D470A17D7FB310081FE4B /* UIImage+JSMessagesView.m */ = {isa = PBXFileReference; fileEncoding = 4; lastKnownFileType = sourcecode.c.objc; path = "UIImage+JSMessagesView.m"; sourceTree = "<group>"; };
		083D470B17D7FB310081FE4B /* UIView+AnimationOptionsForCurve.h */ = {isa = PBXFileReference; fileEncoding = 4; lastKnownFileType = sourcecode.c.h; path = "UIView+AnimationOptionsForCurve.h"; sourceTree = "<group>"; };
		083D470C17D7FB310081FE4B /* UIView+AnimationOptionsForCurve.m */ = {isa = PBXFileReference; fileEncoding = 4; lastKnownFileType = sourcecode.c.objc; path = "UIView+AnimationOptionsForCurve.m"; sourceTree = "<group>"; };
		083D473E17DD2C670081FE4B /* LSNewConversationViewController.h */ = {isa = PBXFileReference; fileEncoding = 4; lastKnownFileType = sourcecode.c.h; path = LSNewConversationViewController.h; sourceTree = "<group>"; };
		083D473F17DD2C670081FE4B /* LSNewConversationViewController.m */ = {isa = PBXFileReference; fileEncoding = 4; lastKnownFileType = sourcecode.c.objc; path = LSNewConversationViewController.m; sourceTree = "<group>"; };
		083D474117DD31CA0081FE4B /* LSConversationHeader.h */ = {isa = PBXFileReference; fileEncoding = 4; lastKnownFileType = sourcecode.c.h; path = LSConversationHeader.h; sourceTree = "<group>"; };
		083D474217DD31CA0081FE4B /* LSConversationHeader.m */ = {isa = PBXFileReference; fileEncoding = 4; lastKnownFileType = sourcecode.c.objc; path = LSConversationHeader.m; sourceTree = "<group>"; };
		08AB64F017BEB55C00EF8D0D /* LSPostDetailViewController.h */ = {isa = PBXFileReference; fileEncoding = 4; lastKnownFileType = sourcecode.c.h; path = LSPostDetailViewController.h; sourceTree = "<group>"; };
		08AB64F117BEB55C00EF8D0D /* LSPostDetailViewController.m */ = {isa = PBXFileReference; fileEncoding = 4; lastKnownFileType = sourcecode.c.objc; path = LSPostDetailViewController.m; sourceTree = "<group>"; };
		08AB64F217BEB55D00EF8D0D /* LSPostDetailViewController.xib */ = {isa = PBXFileReference; fileEncoding = 4; lastKnownFileType = file.xib; path = LSPostDetailViewController.xib; sourceTree = "<group>"; };
		08AB64F617C034D400EF8D0D /* LSTabBarController.h */ = {isa = PBXFileReference; fileEncoding = 4; lastKnownFileType = sourcecode.c.h; path = LSTabBarController.h; sourceTree = "<group>"; };
		08AB64F717C034D600EF8D0D /* LSTabBarController.m */ = {isa = PBXFileReference; fileEncoding = 4; lastKnownFileType = sourcecode.c.objc; path = LSTabBarController.m; sourceTree = "<group>"; };
		08B69AF517A0680F00F32A3C /* LSWelcomeViewController.h */ = {isa = PBXFileReference; fileEncoding = 4; lastKnownFileType = sourcecode.c.h; path = LSWelcomeViewController.h; sourceTree = "<group>"; };
		08B69AF617A0680F00F32A3C /* LSWelcomeViewController.m */ = {isa = PBXFileReference; fileEncoding = 4; lastKnownFileType = sourcecode.c.objc; path = LSWelcomeViewController.m; sourceTree = "<group>"; };
		08E05CEA17D7A53800393A3D /* PFUser+PrivateChannelName.h */ = {isa = PBXFileReference; fileEncoding = 4; lastKnownFileType = sourcecode.c.h; path = "PFUser+PrivateChannelName.h"; sourceTree = "<group>"; };
		08E05CEB17D7A53800393A3D /* PFUser+PrivateChannelName.m */ = {isa = PBXFileReference; fileEncoding = 4; lastKnownFileType = sourcecode.c.objc; path = "PFUser+PrivateChannelName.m"; sourceTree = "<group>"; };
		08EB0F4C17B300D600C5E4FF /* LSSignupViewController.h */ = {isa = PBXFileReference; fileEncoding = 4; lastKnownFileType = sourcecode.c.h; path = LSSignupViewController.h; sourceTree = "<group>"; };
		08EB0F4D17B300D600C5E4FF /* LSSignupViewController.m */ = {isa = PBXFileReference; fileEncoding = 4; lastKnownFileType = sourcecode.c.objc; path = LSSignupViewController.m; sourceTree = "<group>"; };
		08EB0F4E17B300D600C5E4FF /* LSLoginViewController.h */ = {isa = PBXFileReference; fileEncoding = 4; lastKnownFileType = sourcecode.c.h; path = LSLoginViewController.h; sourceTree = "<group>"; };
		08EB0F4F17B300D600C5E4FF /* LSLoginViewController.m */ = {isa = PBXFileReference; fileEncoding = 4; lastKnownFileType = sourcecode.c.objc; path = LSLoginViewController.m; sourceTree = "<group>"; };
		08EB0F5217B3011500C5E4FF /* LSSignupViewController.xib */ = {isa = PBXFileReference; fileEncoding = 4; lastKnownFileType = file.xib; path = LSSignupViewController.xib; sourceTree = "<group>"; };
		08EB0F5317B3011500C5E4FF /* LSLoginViewController.xib */ = {isa = PBXFileReference; fileEncoding = 4; lastKnownFileType = file.xib; path = LSLoginViewController.xib; sourceTree = "<group>"; };
		08EB0F5617B3024C00C5E4FF /* LSActivityView.h */ = {isa = PBXFileReference; fileEncoding = 4; lastKnownFileType = sourcecode.c.h; path = LSActivityView.h; sourceTree = "<group>"; };
		08EB0F5717B3024C00C5E4FF /* LSActivityView.m */ = {isa = PBXFileReference; fileEncoding = 4; lastKnownFileType = sourcecode.c.objc; path = LSActivityView.m; sourceTree = "<group>"; };
		08EB0F5917B303EA00C5E4FF /* LSLoginSignupViewController.h */ = {isa = PBXFileReference; fileEncoding = 4; lastKnownFileType = sourcecode.c.h; path = LSLoginSignupViewController.h; sourceTree = "<group>"; };
		08EB0F5A17B303EA00C5E4FF /* LSLoginSignupViewController.m */ = {isa = PBXFileReference; fileEncoding = 4; lastKnownFileType = sourcecode.c.objc; path = LSLoginSignupViewController.m; sourceTree = "<group>"; };
		08EB0F5C17B3113600C5E4FF /* LSLoginSignupViewController.xib */ = {isa = PBXFileReference; fileEncoding = 4; lastKnownFileType = file.xib; path = LSLoginSignupViewController.xib; sourceTree = "<group>"; };
		08EB0F5E17B32DA200C5E4FF /* LSLocationController.h */ = {isa = PBXFileReference; fileEncoding = 4; lastKnownFileType = sourcecode.c.h; path = LSLocationController.h; sourceTree = "<group>"; };
		08EB0F5F17B32DA300C5E4FF /* LSLocationController.m */ = {isa = PBXFileReference; fileEncoding = 4; lastKnownFileType = sourcecode.c.objc; path = LSLocationController.m; sourceTree = "<group>"; };
		08EB0F6217B3496100C5E4FF /* LSMapViewController.h */ = {isa = PBXFileReference; fileEncoding = 4; lastKnownFileType = sourcecode.c.h; path = LSMapViewController.h; sourceTree = "<group>"; };
		08EB0F6317B3496100C5E4FF /* LSMapViewController.m */ = {isa = PBXFileReference; fileEncoding = 4; lastKnownFileType = sourcecode.c.objc; path = LSMapViewController.m; sourceTree = "<group>"; };
		08EB0F6C17B3559D00C5E4FF /* LSPost.h */ = {isa = PBXFileReference; fileEncoding = 4; lastKnownFileType = sourcecode.c.h; path = LSPost.h; sourceTree = "<group>"; };
		08EB0F6D17B3559D00C5E4FF /* LSPost.m */ = {isa = PBXFileReference; fileEncoding = 4; lastKnownFileType = sourcecode.c.objc; path = LSPost.m; sourceTree = "<group>"; };
		08EB0F6F17B3589400C5E4FF /* MapKit.framework */ = {isa = PBXFileReference; lastKnownFileType = wrapper.framework; name = MapKit.framework; path = System/Library/Frameworks/MapKit.framework; sourceTree = SDKROOT; };
		08EB0F7117B35C0600C5E4FF /* LSCameraPresenterController.h */ = {isa = PBXFileReference; fileEncoding = 4; lastKnownFileType = sourcecode.c.h; path = LSCameraPresenterController.h; sourceTree = "<group>"; };
		08EB0F7217B35C0600C5E4FF /* LSCameraPresenterController.m */ = {isa = PBXFileReference; fileEncoding = 4; lastKnownFileType = sourcecode.c.objc; path = LSCameraPresenterController.m; sourceTree = "<group>"; };
		08EB0F7417B3623300C5E4FF /* LSMapViewController.xib */ = {isa = PBXFileReference; fileEncoding = 4; lastKnownFileType = file.xib; path = LSMapViewController.xib; sourceTree = "<group>"; };
		08EB0F7717B4738000C5E4FF /* LSConversationViewController.h */ = {isa = PBXFileReference; fileEncoding = 4; lastKnownFileType = sourcecode.c.h; path = LSConversationViewController.h; sourceTree = "<group>"; };
		08EB0F7817B4738000C5E4FF /* LSConversationViewController.m */ = {isa = PBXFileReference; fileEncoding = 4; lastKnownFileType = sourcecode.c.objc; path = LSConversationViewController.m; sourceTree = "<group>"; };
		08EB0F7A17B4782D00C5E4FF /* LSConversationCell.h */ = {isa = PBXFileReference; fileEncoding = 4; lastKnownFileType = sourcecode.c.h; path = LSConversationCell.h; sourceTree = "<group>"; };
		08EB0F7B17B4782D00C5E4FF /* LSConversationCell.m */ = {isa = PBXFileReference; fileEncoding = 4; lastKnownFileType = sourcecode.c.objc; path = LSConversationCell.m; sourceTree = "<group>"; };
		08EB0F7D17B47A6000C5E4FF /* TTTTimeIntervalFormatter.h */ = {isa = PBXFileReference; fileEncoding = 4; lastKnownFileType = sourcecode.c.h; path = TTTTimeIntervalFormatter.h; sourceTree = "<group>"; };
		08EB0F7E17B47A6000C5E4FF /* TTTTimeIntervalFormatter.m */ = {isa = PBXFileReference; fileEncoding = 4; lastKnownFileType = sourcecode.c.objc; path = TTTTimeIntervalFormatter.m; sourceTree = "<group>"; };
		08EB0F8117B569F200C5E4FF /* LSConversationSummaryViewController.h */ = {isa = PBXFileReference; fileEncoding = 4; lastKnownFileType = sourcecode.c.h; path = LSConversationSummaryViewController.h; sourceTree = "<group>"; };
		08EB0F8217B569F200C5E4FF /* LSConversationSummaryViewController.m */ = {isa = PBXFileReference; fileEncoding = 4; lastKnownFileType = sourcecode.c.objc; path = LSConversationSummaryViewController.m; sourceTree = "<group>"; };
		08EB0F8617B8857100C5E4FF /* LSConversationSummaryCell.h */ = {isa = PBXFileReference; fileEncoding = 4; lastKnownFileType = sourcecode.c.h; path = LSConversationSummaryCell.h; sourceTree = "<group>"; };
		08EB0F8717B8857100C5E4FF /* LSConversationSummaryCell.m */ = {isa = PBXFileReference; fileEncoding = 4; lastKnownFileType = sourcecode.c.objc; path = LSConversationSummaryCell.m; sourceTree = "<group>"; };
		08F45594179F7C8200CB7E2D /* LeftoverSwap.app */ = {isa = PBXFileReference; explicitFileType = wrapper.application; includeInIndex = 0; path = LeftoverSwap.app; sourceTree = BUILT_PRODUCTS_DIR; };
		08F45597179F7C8200CB7E2D /* UIKit.framework */ = {isa = PBXFileReference; lastKnownFileType = wrapper.framework; name = UIKit.framework; path = System/Library/Frameworks/UIKit.framework; sourceTree = SDKROOT; };
		08F45599179F7C8200CB7E2D /* Foundation.framework */ = {isa = PBXFileReference; lastKnownFileType = wrapper.framework; name = Foundation.framework; path = System/Library/Frameworks/Foundation.framework; sourceTree = SDKROOT; };
		08F4559B179F7C8200CB7E2D /* CoreGraphics.framework */ = {isa = PBXFileReference; lastKnownFileType = wrapper.framework; name = CoreGraphics.framework; path = System/Library/Frameworks/CoreGraphics.framework; sourceTree = SDKROOT; };
		08F4559F179F7C8200CB7E2D /* LeftoverSwap-Info.plist */ = {isa = PBXFileReference; lastKnownFileType = text.plist.xml; path = "LeftoverSwap-Info.plist"; sourceTree = "<group>"; };
		08F455A1179F7C8200CB7E2D /* en */ = {isa = PBXFileReference; lastKnownFileType = text.plist.strings; name = en; path = en.lproj/InfoPlist.strings; sourceTree = "<group>"; };
		08F455A3179F7C8200CB7E2D /* main.m */ = {isa = PBXFileReference; lastKnownFileType = sourcecode.c.objc; path = main.m; sourceTree = "<group>"; };
		08F455A5179F7C8200CB7E2D /* LeftoverSwap-Prefix.pch */ = {isa = PBXFileReference; lastKnownFileType = sourcecode.c.h; path = "LeftoverSwap-Prefix.pch"; sourceTree = "<group>"; };
		08F455A6179F7C8200CB7E2D /* LSAppDelegate.h */ = {isa = PBXFileReference; lastKnownFileType = sourcecode.c.h; path = LSAppDelegate.h; sourceTree = "<group>"; };
		08F455A7179F7C8200CB7E2D /* LSAppDelegate.m */ = {isa = PBXFileReference; lastKnownFileType = sourcecode.c.objc; path = LSAppDelegate.m; sourceTree = "<group>"; };
		08F455BA179F7CB100CB7E2D /* Parse.framework */ = {isa = PBXFileReference; lastKnownFileType = wrapper.framework; path = Parse.framework; sourceTree = "<group>"; };
		08F455BC179F7CE000CB7E2D /* AudioToolbox.framework */ = {isa = PBXFileReference; lastKnownFileType = wrapper.framework; name = AudioToolbox.framework; path = System/Library/Frameworks/AudioToolbox.framework; sourceTree = SDKROOT; };
		08F455BE179F7CE500CB7E2D /* CFNetwork.framework */ = {isa = PBXFileReference; lastKnownFileType = wrapper.framework; name = CFNetwork.framework; path = System/Library/Frameworks/CFNetwork.framework; sourceTree = SDKROOT; };
		08F455C0179F7CEE00CB7E2D /* CoreLocation.framework */ = {isa = PBXFileReference; lastKnownFileType = wrapper.framework; name = CoreLocation.framework; path = System/Library/Frameworks/CoreLocation.framework; sourceTree = SDKROOT; };
		08F455C2179F7CF300CB7E2D /* MobileCoreServices.framework */ = {isa = PBXFileReference; lastKnownFileType = wrapper.framework; name = MobileCoreServices.framework; path = System/Library/Frameworks/MobileCoreServices.framework; sourceTree = SDKROOT; };
		08F455C4179F7CF900CB7E2D /* QuartzCore.framework */ = {isa = PBXFileReference; lastKnownFileType = wrapper.framework; name = QuartzCore.framework; path = System/Library/Frameworks/QuartzCore.framework; sourceTree = SDKROOT; };
		08F455C6179F7CFD00CB7E2D /* Security.framework */ = {isa = PBXFileReference; lastKnownFileType = wrapper.framework; name = Security.framework; path = System/Library/Frameworks/Security.framework; sourceTree = SDKROOT; };
		08F455C8179F7D0500CB7E2D /* StoreKit.framework */ = {isa = PBXFileReference; lastKnownFileType = wrapper.framework; name = StoreKit.framework; path = System/Library/Frameworks/StoreKit.framework; sourceTree = SDKROOT; };
		08F455CA179F7D0A00CB7E2D /* SystemConfiguration.framework */ = {isa = PBXFileReference; lastKnownFileType = wrapper.framework; name = SystemConfiguration.framework; path = System/Library/Frameworks/SystemConfiguration.framework; sourceTree = SDKROOT; };
		08F455CC179F7D1100CB7E2D /* libz.1.1.3.dylib */ = {isa = PBXFileReference; lastKnownFileType = "compiled.mach-o.dylib"; name = libz.1.1.3.dylib; path = usr/lib/libz.1.1.3.dylib; sourceTree = SDKROOT; };
		08F8DCC017AEFDA700A6AE60 /* LSPostPhotoViewController.xib */ = {isa = PBXFileReference; fileEncoding = 4; lastKnownFileType = file.xib; path = LSPostPhotoViewController.xib; sourceTree = "<group>"; };
		08F8DCC217AF7E6300A6AE60 /* LSPaddedTextField.h */ = {isa = PBXFileReference; fileEncoding = 4; lastKnownFileType = sourcecode.c.h; path = LSPaddedTextField.h; sourceTree = "<group>"; };
		08F8DCC317AF7E6300A6AE60 /* LSPaddedTextField.m */ = {isa = PBXFileReference; fileEncoding = 4; lastKnownFileType = sourcecode.c.objc; path = LSPaddedTextField.m; sourceTree = "<group>"; };
		5D44DF9017B967EF000E0B9C /* TabBarMe@2x.png */ = {isa = PBXFileReference; lastKnownFileType = image.png; path = "TabBarMe@2x.png"; sourceTree = "<group>"; };
		5D44DF9117B967EF000E0B9C /* TabBarMe.png */ = {isa = PBXFileReference; lastKnownFileType = image.png; path = TabBarMe.png; sourceTree = "<group>"; };
		5D44DF9217B967EF000E0B9C /* TabBarPost@2x.png */ = {isa = PBXFileReference; lastKnownFileType = image.png; path = "TabBarPost@2x.png"; sourceTree = "<group>"; };
		5D44DF9317B967EF000E0B9C /* TabBarPost.png */ = {isa = PBXFileReference; lastKnownFileType = image.png; path = TabBarPost.png; sourceTree = "<group>"; };
		5D44DF9417B967EF000E0B9C /* TabBarMessage@2x.png */ = {isa = PBXFileReference; lastKnownFileType = image.png; path = "TabBarMessage@2x.png"; sourceTree = "<group>"; };
		5D44DF9517B967EF000E0B9C /* TabBarMessage.png */ = {isa = PBXFileReference; lastKnownFileType = image.png; path = TabBarMessage.png; sourceTree = "<group>"; };
		5D44DF9617B967EF000E0B9C /* TabBarMap@2x.png */ = {isa = PBXFileReference; lastKnownFileType = image.png; path = "TabBarMap@2x.png"; sourceTree = "<group>"; };
		5D44DF9717B967EF000E0B9C /* TabBarMap.png */ = {isa = PBXFileReference; lastKnownFileType = image.png; path = TabBarMap.png; sourceTree = "<group>"; };
		5D6C3F4B17B44A710036BD08 /* Icon-72.png */ = {isa = PBXFileReference; lastKnownFileType = image.png; name = "Icon-72.png"; path = "../Icon-72.png"; sourceTree = "<group>"; };
		5D6C3F4C17B44A710036BD08 /* Icon-small-50.png */ = {isa = PBXFileReference; lastKnownFileType = image.png; name = "Icon-small-50.png"; path = "../Icon-small-50.png"; sourceTree = "<group>"; };
		5D6C3F4D17B44A710036BD08 /* Icon-small.png */ = {isa = PBXFileReference; lastKnownFileType = image.png; name = "Icon-small.png"; path = "../Icon-small.png"; sourceTree = "<group>"; };
		5D6C3F4E17B44A710036BD08 /* Icon.png */ = {isa = PBXFileReference; lastKnownFileType = image.png; name = Icon.png; path = ../Icon.png; sourceTree = "<group>"; };
		5D6C3F4F17B44A710036BD08 /* Icon@2x.png */ = {isa = PBXFileReference; lastKnownFileType = image.png; name = "Icon@2x.png"; path = "../Icon@2x.png"; sourceTree = "<group>"; };
		5D6C3F5017B44A710036BD08 /* iTunesArtwork.png */ = {isa = PBXFileReference; lastKnownFileType = image.png; name = iTunesArtwork.png; path = ../iTunesArtwork.png; sourceTree = "<group>"; };
		5D6C3F5117B44A710036BD08 /* iTunesArtwork@2x.png */ = {isa = PBXFileReference; lastKnownFileType = image.png; name = "iTunesArtwork@2x.png"; path = "../iTunesArtwork@2x.png"; sourceTree = "<group>"; };
		5D77658317D781F400F34A02 /* GPSicon.png */ = {isa = PBXFileReference; lastKnownFileType = image.png; path = GPSicon.png; sourceTree = "<group>"; };
		5D77658417D781F400F34A02 /* GPSicon@2x.png */ = {isa = PBXFileReference; lastKnownFileType = image.png; path = "GPSicon@2x.png"; sourceTree = "<group>"; };
		5D77658D17D79F8700F34A02 /* LSMeViewController.h */ = {isa = PBXFileReference; fileEncoding = 4; lastKnownFileType = sourcecode.c.h; path = LSMeViewController.h; sourceTree = "<group>"; };
		5D77658E17D79F8700F34A02 /* LSMeViewController.m */ = {isa = PBXFileReference; fileEncoding = 4; lastKnownFileType = sourcecode.c.objc; path = LSMeViewController.m; sourceTree = "<group>"; };
		5D77658F17D79F8700F34A02 /* LSMeViewController.xib */ = {isa = PBXFileReference; fileEncoding = 4; lastKnownFileType = file.xib; path = LSMeViewController.xib; sourceTree = "<group>"; };
		5D77659517D8242500F34A02 /* LSCameraOverlayRect.h */ = {isa = PBXFileReference; fileEncoding = 4; lastKnownFileType = sourcecode.c.h; path = LSCameraOverlayRect.h; sourceTree = "<group>"; };
		5D77659617D8242500F34A02 /* LSCameraOverlayRect.m */ = {isa = PBXFileReference; fileEncoding = 4; lastKnownFileType = sourcecode.c.objc; path = LSCameraOverlayRect.m; sourceTree = "<group>"; };
		5DA3557917CAE4CA00CEC3D3 /* greenblock.png */ = {isa = PBXFileReference; lastKnownFileType = image.png; path = greenblock.png; sourceTree = "<group>"; };
		5DA3557B17CAE8C700CEC3D3 /* plain.png */ = {isa = PBXFileReference; lastKnownFileType = image.png; path = plain.png; sourceTree = "<group>"; };
		5DA3557C17CAE8C700CEC3D3 /* plain2.png */ = {isa = PBXFileReference; lastKnownFileType = image.png; path = plain2.png; sourceTree = "<group>"; };
		5DA3557D17CAE8C700CEC3D3 /* plain3.png */ = {isa = PBXFileReference; lastKnownFileType = image.png; path = plain3.png; sourceTree = "<group>"; };
		5DA3557E17CAE8C700CEC3D3 /* plain4.png */ = {isa = PBXFileReference; lastKnownFileType = image.png; path = plain4.png; sourceTree = "<group>"; };
		5DA73C2E17C4052A001ED879 /* Default.png */ = {isa = PBXFileReference; lastKnownFileType = image.png; path = Default.png; sourceTree = "<group>"; };
		5DA73C3517C55A0D001ED879 /* Default-568h@2x.png */ = {isa = PBXFileReference; lastKnownFileType = image.png; path = "Default-568h@2x.png"; sourceTree = "<group>"; };
		5DA73C3617C55A0D001ED879 /* Default@2x.png */ = {isa = PBXFileReference; lastKnownFileType = image.png; path = "Default@2x.png"; sourceTree = "<group>"; };
/* End PBXFileReference section */

/* Begin PBXFrameworksBuildPhase section */
		08F45591179F7C8200CB7E2D /* Frameworks */ = {
			isa = PBXFrameworksBuildPhase;
			buildActionMask = 2147483647;
			files = (
				0837081217C3793C00576377 /* CoreText.framework in Frameworks */,
				08EB0F7017B3589400C5E4FF /* MapKit.framework in Frameworks */,
				08F455CD179F7D1100CB7E2D /* libz.1.1.3.dylib in Frameworks */,
				08F455CB179F7D0A00CB7E2D /* SystemConfiguration.framework in Frameworks */,
				08F455C9179F7D0500CB7E2D /* StoreKit.framework in Frameworks */,
				08F455C7179F7CFD00CB7E2D /* Security.framework in Frameworks */,
				08F455C5179F7CF900CB7E2D /* QuartzCore.framework in Frameworks */,
				08F455C3179F7CF300CB7E2D /* MobileCoreServices.framework in Frameworks */,
				08F455C1179F7CEE00CB7E2D /* CoreLocation.framework in Frameworks */,
				08F455BF179F7CE500CB7E2D /* CFNetwork.framework in Frameworks */,
				08F455BD179F7CE000CB7E2D /* AudioToolbox.framework in Frameworks */,
				08F45598179F7C8200CB7E2D /* UIKit.framework in Frameworks */,
				08F4559A179F7C8200CB7E2D /* Foundation.framework in Frameworks */,
				08F4559C179F7C8200CB7E2D /* CoreGraphics.framework in Frameworks */,
				08F455BB179F7CB100CB7E2D /* Parse.framework in Frameworks */,
				0837080E17C3791700576377 /* HockeySDK.framework in Frameworks */,
			);
			runOnlyForDeploymentPostprocessing = 0;
		};
/* End PBXFrameworksBuildPhase section */

/* Begin PBXGroup section */
		0805F28617A793F200963343 /* Take Picture */ = {
			isa = PBXGroup;
			children = (
				0805F28717A7940300963343 /* LSPostPhotoViewController.h */,
				08F8DCC017AEFDA700A6AE60 /* LSPostPhotoViewController.xib */,
				0805F28817A7940300963343 /* LSPostPhotoViewController.m */,
				08EB0F7117B35C0600C5E4FF /* LSCameraPresenterController.h */,
				08EB0F7217B35C0600C5E4FF /* LSCameraPresenterController.m */,
			);
			name = "Take Picture";
			sourceTree = "<group>";
		};
		0805F28A17A7942800963343 /* External */ = {
			isa = PBXGroup;
			children = (
				083D46D317D7FB300081FE4B /* JSMessagesTableViewController */,
				08EB0F8017B47A6300C5E4FF /* TTTTimeIntervalFormatter */,
				0805F28B17A7945200963343 /* UIImage Categories */,
			);
			name = External;
			sourceTree = "<group>";
		};
		0805F28B17A7945200963343 /* UIImage Categories */ = {
			isa = PBXGroup;
			children = (
				0805F28C17A7946300963343 /* UIImage+ResizeAdditions.h */,
				0805F28D17A7946300963343 /* UIImage+ResizeAdditions.m */,
				0805F28E17A7946300963343 /* UIImage+AlphaAdditions.h */,
				0805F28F17A7946300963343 /* UIImage+AlphaAdditions.m */,
				0805F29017A7946300963343 /* UIImage+RoundedCornerAdditions.h */,
				0805F29117A7946300963343 /* UIImage+RoundedCornerAdditions.m */,
			);
			name = "UIImage Categories";
			sourceTree = "<group>";
		};
		0823B42E17A0B11C00FE86FF /* Views */ = {
			isa = PBXGroup;
			children = (
				08AB64F517BEDC1000EF8D0D /* Conversation */,
				08EB0F5617B3024C00C5E4FF /* LSActivityView.h */,
				08EB0F5717B3024C00C5E4FF /* LSActivityView.m */,
				0823B44017A0D3DD00FE86FF /* UITableViewCells */,
				0823B42B17A0B11500FE86FF /* LSWelcomeButton.h */,
				0823B42C17A0B11500FE86FF /* LSWelcomeButton.m */,
				08F8DCC217AF7E6300A6AE60 /* LSPaddedTextField.h */,
				08F8DCC317AF7E6300A6AE60 /* LSPaddedTextField.m */,
				5D77659517D8242500F34A02 /* LSCameraOverlayRect.h */,
				5D77659617D8242500F34A02 /* LSCameraOverlayRect.m */,
			);
			name = Views;
			sourceTree = "<group>";
		};
		0823B42F17A0B12600FE86FF /* Controllers */ = {
			isa = PBXGroup;
			children = (
				08AB64F617C034D400EF8D0D /* LSTabBarController.h */,
				08AB64F717C034D600EF8D0D /* LSTabBarController.m */,
				5D77658717D7916E00F34A02 /* Me */,
				08EB0F4B17B300C900C5E4FF /* Signup / login */,
				08AB64F917C03A1500EF8D0D /* Welcome */,
				08AB64EF17BEB18D00EF8D0D /* Detail */,
				08EB0F7617B46C6900C5E4FF /* Conversation */,
				08EB0F6117B3494E00C5E4FF /* Map */,
				08EB0F5E17B32DA200C5E4FF /* LSLocationController.h */,
				08EB0F5F17B32DA300C5E4FF /* LSLocationController.m */,
				0805F28617A793F200963343 /* Take Picture */,
			);
			name = Controllers;
			sourceTree = "<group>";
		};
		0823B43017A0BB9D00FE86FF /* Resources */ = {
			isa = PBXGroup;
			children = (
				08786E2B179FAF9200CAA3D8 /* Assets */,
			);
			name = Resources;
			sourceTree = "<group>";
		};
		0823B44017A0D3DD00FE86FF /* UITableViewCells */ = {
			isa = PBXGroup;
			children = (
				0823B44317A0D3F600FE86FF /* LSListingCell.h */,
				0823B44417A0D3F600FE86FF /* LSListingCell.m */,
				0823B44117A0D3EB00FE86FF /* LSLoadMoreCell.h */,
				0823B44217A0D3EB00FE86FF /* LSLoadMoreCell.m */,
			);
			name = UITableViewCells;
			sourceTree = "<group>";
		};
		0837080917C3791700576377 /* HockeySDK.embeddedframework */ = {
			isa = PBXGroup;
			children = (
				0837080A17C3791700576377 /* HockeySDK.framework */,
				0837080B17C3791700576377 /* Resources */,
			);
			path = HockeySDK.embeddedframework;
			sourceTree = "<group>";
		};
		0837080B17C3791700576377 /* Resources */ = {
			isa = PBXGroup;
			children = (
				0837080C17C3791700576377 /* HockeySDK.xcconfig */,
				0837080D17C3791700576377 /* HockeySDKResources.bundle */,
			);
			path = Resources;
			sourceTree = "<group>";
		};
		083D46D317D7FB300081FE4B /* JSMessagesTableViewController */ = {
			isa = PBXGroup;
			children = (
				083D46D417D7FB300081FE4B /* JSBubbleMessageCell.h */,
				083D46D517D7FB300081FE4B /* JSBubbleMessageCell.m */,
				083D46D617D7FB300081FE4B /* JSBubbleView.h */,
				083D46D717D7FB300081FE4B /* JSBubbleView.m */,
				083D46D817D7FB300081FE4B /* JSDismissiveTextView.h */,
				083D46D917D7FB300081FE4B /* JSDismissiveTextView.m */,
				083D46DA17D7FB300081FE4B /* JSMessageInputView.h */,
				083D46DB17D7FB300081FE4B /* JSMessageInputView.m */,
				083D46DC17D7FB300081FE4B /* JSMessageSoundEffect.h */,
				083D46DD17D7FB300081FE4B /* JSMessageSoundEffect.m */,
				083D46DE17D7FB300081FE4B /* JSMessagesViewController.h */,
				083D46DF17D7FB300081FE4B /* JSMessagesViewController.m */,
				083D46E017D7FB300081FE4B /* NSString+JSMessagesView.h */,
				083D46E117D7FB300081FE4B /* NSString+JSMessagesView.m */,
				083D46E217D7FB300081FE4B /* Resources */,
				083D470517D7FB300081FE4B /* UIButton+JSMessagesView.h */,
				083D470617D7FB300081FE4B /* UIButton+JSMessagesView.m */,
				083D470717D7FB300081FE4B /* UIColor+JSMessagesView.h */,
				083D470817D7FB300081FE4B /* UIColor+JSMessagesView.m */,
				083D470917D7FB300081FE4B /* UIImage+JSMessagesView.h */,
				083D470A17D7FB310081FE4B /* UIImage+JSMessagesView.m */,
				083D470B17D7FB310081FE4B /* UIView+AnimationOptionsForCurve.h */,
				083D470C17D7FB310081FE4B /* UIView+AnimationOptionsForCurve.m */,
			);
			path = JSMessagesTableViewController;
			sourceTree = "<group>";
		};
		083D46E217D7FB300081FE4B /* Resources */ = {
			isa = PBXGroup;
			children = (
				083D46E317D7FB300081FE4B /* Images */,
				083D470217D7FB300081FE4B /* Sounds */,
			);
			path = Resources;
			sourceTree = "<group>";
		};
		083D46E317D7FB300081FE4B /* Images */ = {
			isa = PBXGroup;
			children = (
				083D46E417D7FB300081FE4B /* bubble-default-incoming-green.png */,
				083D46E517D7FB300081FE4B /* bubble-default-incoming-green@2x.png */,
				083D46E617D7FB300081FE4B /* bubble-default-incoming-selected.png */,
				083D46E717D7FB300081FE4B /* bubble-default-incoming-selected@2x.png */,
				083D46E817D7FB300081FE4B /* bubble-default-incoming.png */,
				083D46E917D7FB300081FE4B /* bubble-default-incoming@2x.png */,
				083D46EA17D7FB300081FE4B /* bubble-default-outgoing-green.png */,
				083D46EB17D7FB300081FE4B /* bubble-default-outgoing-green@2x.png */,
				083D46EC17D7FB300081FE4B /* bubble-default-outgoing-selected.png */,
				083D46ED17D7FB300081FE4B /* bubble-default-outgoing-selected@2x.png */,
				083D46EE17D7FB300081FE4B /* bubble-default-outgoing.png */,
				083D46EF17D7FB300081FE4B /* bubble-default-outgoing@2x.png */,
				083D46F017D7FB300081FE4B /* bubble-square-incoming-selected.png */,
				083D46F117D7FB300081FE4B /* bubble-square-incoming-selected@2x.png */,
				083D46F217D7FB300081FE4B /* bubble-square-incoming.png */,
				083D46F317D7FB300081FE4B /* bubble-square-incoming@2x.png */,
				083D46F417D7FB300081FE4B /* bubble-square-outgoing-selected.png */,
				083D46F517D7FB300081FE4B /* bubble-square-outgoing-selected@2x.png */,
				083D46F617D7FB300081FE4B /* bubble-square-outgoing.png */,
				083D46F717D7FB300081FE4B /* bubble-square-outgoing@2x.png */,
				083D46F817D7FB300081FE4B /* bubble-typing.png */,
				083D46F917D7FB300081FE4B /* bubble-typing@2x.png */,
				083D46FA17D7FB300081FE4B /* input-bar.png */,
				083D46FB17D7FB300081FE4B /* input-bar@2x.png */,
				083D46FC17D7FB300081FE4B /* input-field.png */,
				083D46FD17D7FB300081FE4B /* input-field@2x.png */,
				083D46FE17D7FB300081FE4B /* send-highlighted.png */,
				083D46FF17D7FB300081FE4B /* send-highlighted@2x.png */,
				083D470017D7FB300081FE4B /* send.png */,
				083D470117D7FB300081FE4B /* send@2x.png */,
			);
			path = Images;
			sourceTree = "<group>";
		};
		083D470217D7FB300081FE4B /* Sounds */ = {
			isa = PBXGroup;
			children = (
				083D470317D7FB300081FE4B /* messageReceived.aiff */,
				083D470417D7FB300081FE4B /* messageSent.aiff */,
			);
			path = Sounds;
			sourceTree = "<group>";
		};
		08786E2B179FAF9200CAA3D8 /* Assets */ = {
			isa = PBXGroup;
			children = (
				5D77658317D781F400F34A02 /* GPSicon.png */,
				5D77658417D781F400F34A02 /* GPSicon@2x.png */,
				5DA3557B17CAE8C700CEC3D3 /* plain.png */,
				5DA3557C17CAE8C700CEC3D3 /* plain2.png */,
				5DA3557D17CAE8C700CEC3D3 /* plain3.png */,
				5DA3557E17CAE8C700CEC3D3 /* plain4.png */,
				5DA3557917CAE4CA00CEC3D3 /* greenblock.png */,
				5DA73C3517C55A0D001ED879 /* Default-568h@2x.png */,
				5DA73C3617C55A0D001ED879 /* Default@2x.png */,
				5DA73C2E17C4052A001ED879 /* Default.png */,
				5D6C3F4B17B44A710036BD08 /* Icon-72.png */,
				5D6C3F4C17B44A710036BD08 /* Icon-small-50.png */,
				5D6C3F4D17B44A710036BD08 /* Icon-small.png */,
				5D6C3F4E17B44A710036BD08 /* Icon.png */,
				5D6C3F4F17B44A710036BD08 /* Icon@2x.png */,
				5D6C3F5017B44A710036BD08 /* iTunesArtwork.png */,
				5D6C3F5117B44A710036BD08 /* iTunesArtwork@2x.png */,
				5D44DF9717B967EF000E0B9C /* TabBarMap.png */,
				5D44DF9617B967EF000E0B9C /* TabBarMap@2x.png */,
				5D44DF9517B967EF000E0B9C /* TabBarMessage.png */,
				5D44DF9417B967EF000E0B9C /* TabBarMessage@2x.png */,
				5D44DF9317B967EF000E0B9C /* TabBarPost.png */,
				5D44DF9217B967EF000E0B9C /* TabBarPost@2x.png */,
				5D44DF9117B967EF000E0B9C /* TabBarMe.png */,
				5D44DF9017B967EF000E0B9C /* TabBarMe@2x.png */,
			);
			name = Assets;
			sourceTree = "<group>";
		};
		08AB64EF17BEB18D00EF8D0D /* Detail */ = {
			isa = PBXGroup;
			children = (
				08AB64F017BEB55C00EF8D0D /* LSPostDetailViewController.h */,
				08AB64F117BEB55C00EF8D0D /* LSPostDetailViewController.m */,
				08AB64F217BEB55D00EF8D0D /* LSPostDetailViewController.xib */,
			);
			name = Detail;
			sourceTree = "<group>";
		};
		08AB64F517BEDC1000EF8D0D /* Conversation */ = {
			isa = PBXGroup;
			children = (
				08EB0F7A17B4782D00C5E4FF /* LSConversationCell.h */,
				08EB0F7B17B4782D00C5E4FF /* LSConversationCell.m */,
				08EB0F8617B8857100C5E4FF /* LSConversationSummaryCell.h */,
				08EB0F8717B8857100C5E4FF /* LSConversationSummaryCell.m */,
				083D474117DD31CA0081FE4B /* LSConversationHeader.h */,
				083D474217DD31CA0081FE4B /* LSConversationHeader.m */,
			);
			name = Conversation;
			sourceTree = "<group>";
		};
		08AB64F917C03A1500EF8D0D /* Welcome */ = {
			isa = PBXGroup;
			children = (
				08B69AF517A0680F00F32A3C /* LSWelcomeViewController.h */,
				08B69AF617A0680F00F32A3C /* LSWelcomeViewController.m */,
			);
			name = Welcome;
			sourceTree = "<group>";
		};
		08EB0F4B17B300C900C5E4FF /* Signup / login */ = {
			isa = PBXGroup;
			children = (
				08EB0F5C17B3113600C5E4FF /* LSLoginSignupViewController.xib */,
				08EB0F5917B303EA00C5E4FF /* LSLoginSignupViewController.h */,
				08EB0F5A17B303EA00C5E4FF /* LSLoginSignupViewController.m */,
				08EB0F5217B3011500C5E4FF /* LSSignupViewController.xib */,
				08EB0F4C17B300D600C5E4FF /* LSSignupViewController.h */,
				08EB0F4D17B300D600C5E4FF /* LSSignupViewController.m */,
				08EB0F5317B3011500C5E4FF /* LSLoginViewController.xib */,
				08EB0F4E17B300D600C5E4FF /* LSLoginViewController.h */,
				08EB0F4F17B300D600C5E4FF /* LSLoginViewController.m */,
			);
			name = "Signup / login";
			sourceTree = "<group>";
		};
		08EB0F6117B3494E00C5E4FF /* Map */ = {
			isa = PBXGroup;
			children = (
				08EB0F6217B3496100C5E4FF /* LSMapViewController.h */,
				08EB0F7417B3623300C5E4FF /* LSMapViewController.xib */,
				08EB0F6317B3496100C5E4FF /* LSMapViewController.m */,
			);
			name = Map;
			sourceTree = "<group>";
		};
		08EB0F6817B3502100C5E4FF /* Models */ = {
			isa = PBXGroup;
			children = (
				08EB0F6C17B3559D00C5E4FF /* LSPost.h */,
				08EB0F6D17B3559D00C5E4FF /* LSPost.m */,
				08E05CEA17D7A53800393A3D /* PFUser+PrivateChannelName.h */,
				08E05CEB17D7A53800393A3D /* PFUser+PrivateChannelName.m */,
			);
			name = Models;
			sourceTree = "<group>";
		};
		08EB0F7617B46C6900C5E4FF /* Conversation */ = {
			isa = PBXGroup;
			children = (
				08EB0F7717B4738000C5E4FF /* LSConversationViewController.h */,
				08EB0F7817B4738000C5E4FF /* LSConversationViewController.m */,
				08EB0F8117B569F200C5E4FF /* LSConversationSummaryViewController.h */,
				08EB0F8217B569F200C5E4FF /* LSConversationSummaryViewController.m */,
				083D473E17DD2C670081FE4B /* LSNewConversationViewController.h */,
				083D473F17DD2C670081FE4B /* LSNewConversationViewController.m */,
			);
			name = Conversation;
			sourceTree = "<group>";
		};
		08EB0F8017B47A6300C5E4FF /* TTTTimeIntervalFormatter */ = {
			isa = PBXGroup;
			children = (
				08EB0F7D17B47A6000C5E4FF /* TTTTimeIntervalFormatter.h */,
				08EB0F7E17B47A6000C5E4FF /* TTTTimeIntervalFormatter.m */,
			);
			name = TTTTimeIntervalFormatter;
			sourceTree = "<group>";
		};
		08F4558B179F7C8200CB7E2D = {
			isa = PBXGroup;
			children = (
				08F4559D179F7C8200CB7E2D /* LeftoverSwap */,
				0805F28A17A7942800963343 /* External */,
				08F45596179F7C8200CB7E2D /* Frameworks */,
				08F45595179F7C8200CB7E2D /* Products */,
			);
			sourceTree = "<group>";
		};
		08F45595179F7C8200CB7E2D /* Products */ = {
			isa = PBXGroup;
			children = (
				08F45594179F7C8200CB7E2D /* LeftoverSwap.app */,
			);
			name = Products;
			sourceTree = "<group>";
		};
		08F45596179F7C8200CB7E2D /* Frameworks */ = {
			isa = PBXGroup;
			children = (
				0837081117C3793C00576377 /* CoreText.framework */,
				0837080917C3791700576377 /* HockeySDK.embeddedframework */,
				08EB0F6F17B3589400C5E4FF /* MapKit.framework */,
				08F455CC179F7D1100CB7E2D /* libz.1.1.3.dylib */,
				08F455CA179F7D0A00CB7E2D /* SystemConfiguration.framework */,
				08F455C8179F7D0500CB7E2D /* StoreKit.framework */,
				08F455C6179F7CFD00CB7E2D /* Security.framework */,
				08F455C4179F7CF900CB7E2D /* QuartzCore.framework */,
				08F455C2179F7CF300CB7E2D /* MobileCoreServices.framework */,
				08F455C0179F7CEE00CB7E2D /* CoreLocation.framework */,
				08F455BE179F7CE500CB7E2D /* CFNetwork.framework */,
				08F455BC179F7CE000CB7E2D /* AudioToolbox.framework */,
				08F455BA179F7CB100CB7E2D /* Parse.framework */,
				08F45597179F7C8200CB7E2D /* UIKit.framework */,
				08F45599179F7C8200CB7E2D /* Foundation.framework */,
				08F4559B179F7C8200CB7E2D /* CoreGraphics.framework */,
			);
			name = Frameworks;
			sourceTree = "<group>";
		};
		08F4559D179F7C8200CB7E2D /* LeftoverSwap */ = {
			isa = PBXGroup;
			children = (
				08EB0F6817B3502100C5E4FF /* Models */,
				08F455A6179F7C8200CB7E2D /* LSAppDelegate.h */,
				08F455A7179F7C8200CB7E2D /* LSAppDelegate.m */,
				0823B42E17A0B11C00FE86FF /* Views */,
				0823B43017A0BB9D00FE86FF /* Resources */,
				0823B42F17A0B12600FE86FF /* Controllers */,
				08F4559E179F7C8200CB7E2D /* Supporting Files */,
				0823B42617A0A4DE00FE86FF /* LSConstants.h */,
				0823B42717A0A4DE00FE86FF /* LSConstants.m */,
			);
			path = LeftoverSwap;
			sourceTree = "<group>";
		};
		08F4559E179F7C8200CB7E2D /* Supporting Files */ = {
			isa = PBXGroup;
			children = (
				08F4559F179F7C8200CB7E2D /* LeftoverSwap-Info.plist */,
				08F455A0179F7C8200CB7E2D /* InfoPlist.strings */,
				08F455A3179F7C8200CB7E2D /* main.m */,
				08F455A5179F7C8200CB7E2D /* LeftoverSwap-Prefix.pch */,
			);
			name = "Supporting Files";
			sourceTree = "<group>";
		};
		5D77658717D7916E00F34A02 /* Me */ = {
			isa = PBXGroup;
			children = (
				5D77658D17D79F8700F34A02 /* LSMeViewController.h */,
				5D77658E17D79F8700F34A02 /* LSMeViewController.m */,
				5D77658F17D79F8700F34A02 /* LSMeViewController.xib */,
			);
			name = Me;
			sourceTree = "<group>";
		};
/* End PBXGroup section */

/* Begin PBXNativeTarget section */
		08F45593179F7C8200CB7E2D /* LeftoverSwap */ = {
			isa = PBXNativeTarget;
			buildConfigurationList = 08F455B7179F7C8200CB7E2D /* Build configuration list for PBXNativeTarget "LeftoverSwap" */;
			buildPhases = (
				08F45590179F7C8200CB7E2D /* Sources */,
				08F45591179F7C8200CB7E2D /* Frameworks */,
				08F45592179F7C8200CB7E2D /* Resources */,
			);
			buildRules = (
			);
			dependencies = (
			);
			name = LeftoverSwap;
			productName = LeftoverSwap;
			productReference = 08F45594179F7C8200CB7E2D /* LeftoverSwap.app */;
			productType = "com.apple.product-type.application";
		};
/* End PBXNativeTarget section */

/* Begin PBXProject section */
		08F4558C179F7C8200CB7E2D /* Project object */ = {
			isa = PBXProject;
			attributes = {
				CLASSPREFIX = LS;
				LastUpgradeCheck = 0460;
				ORGANIZATIONNAME = LeftoverSwap;
			};
			buildConfigurationList = 08F4558F179F7C8200CB7E2D /* Build configuration list for PBXProject "LeftoverSwap" */;
			compatibilityVersion = "Xcode 3.2";
			developmentRegion = English;
			hasScannedForEncodings = 0;
			knownRegions = (
				en,
			);
			mainGroup = 08F4558B179F7C8200CB7E2D;
			productRefGroup = 08F45595179F7C8200CB7E2D /* Products */;
			projectDirPath = "";
			projectRoot = "";
			targets = (
				08F45593179F7C8200CB7E2D /* LeftoverSwap */,
			);
		};
/* End PBXProject section */

/* Begin PBXResourcesBuildPhase section */
		08F45592179F7C8200CB7E2D /* Resources */ = {
			isa = PBXResourcesBuildPhase;
			buildActionMask = 2147483647;
			files = (
				08F455A2179F7C8200CB7E2D /* InfoPlist.strings in Resources */,
				08F8DCC117AEFDA700A6AE60 /* LSPostPhotoViewController.xib in Resources */,
				08F8DCC117AEFDA700A6AE60 /* LSPostPhotoViewController.xib in Resources */,
				08EB0F5417B3011500C5E4FF /* LSSignupViewController.xib in Resources */,
				08EB0F5517B3011500C5E4FF /* LSLoginViewController.xib in Resources */,
				08EB0F5D17B3113600C5E4FF /* LSLoginSignupViewController.xib in Resources */,
				08EB0F7517B3623300C5E4FF /* LSMapViewController.xib in Resources */,
				5D44DF9817B967EF000E0B9C /* TabBarMe@2x.png in Resources */,
				5D44DF9917B967EF000E0B9C /* TabBarMe.png in Resources */,
				5D44DF9A17B967EF000E0B9C /* TabBarPost@2x.png in Resources */,
				5D44DF9B17B967EF000E0B9C /* TabBarPost.png in Resources */,
				5D44DF9C17B967EF000E0B9C /* TabBarMessage@2x.png in Resources */,
				5D44DF9D17B967EF000E0B9C /* TabBarMessage.png in Resources */,
				5D44DF9E17B967EF000E0B9C /* TabBarMap@2x.png in Resources */,
				5D44DF9F17B967EF000E0B9C /* TabBarMap.png in Resources */,
				5D6C3F5217B44A710036BD08 /* Icon-72.png in Resources */,
				5D6C3F5317B44A710036BD08 /* Icon-small-50.png in Resources */,
				5D6C3F5417B44A710036BD08 /* Icon-small.png in Resources */,
				5D6C3F5517B44A710036BD08 /* Icon.png in Resources */,
				5D6C3F5617B44A710036BD08 /* Icon@2x.png in Resources */,
				5D6C3F5717B44A710036BD08 /* iTunesArtwork.png in Resources */,
				5D6C3F5817B44A710036BD08 /* iTunesArtwork@2x.png in Resources */,
				08AB64F417BEB55D00EF8D0D /* LSPostDetailViewController.xib in Resources */,
				5DA73C3117C4052A001ED879 /* Default.png in Resources */,
				0837080F17C3791700576377 /* HockeySDK.xcconfig in Resources */,
				0837081017C3791700576377 /* HockeySDKResources.bundle in Resources */,
				5DA73C3717C55A0D001ED879 /* Default-568h@2x.png in Resources */,
				5DA73C3817C55A0D001ED879 /* Default@2x.png in Resources */,
				5DA3557A17CAE4CA00CEC3D3 /* greenblock.png in Resources */,
				5DA3557F17CAE8C700CEC3D3 /* plain.png in Resources */,
				5DA3558017CAE8C700CEC3D3 /* plain2.png in Resources */,
				5DA3558117CAE8C700CEC3D3 /* plain3.png in Resources */,
				5DA3558217CAE8C700CEC3D3 /* plain4.png in Resources */,
				5D77658517D781F500F34A02 /* GPSicon.png in Resources */,
				5D77658617D781F500F34A02 /* GPSicon@2x.png in Resources */,
				5D77659117D79F8700F34A02 /* LSMeViewController.xib in Resources */,
				083D471417D7FB310081FE4B /* bubble-default-incoming-green.png in Resources */,
				083D471517D7FB310081FE4B /* bubble-default-incoming-green@2x.png in Resources */,
				083D471617D7FB310081FE4B /* bubble-default-incoming-selected.png in Resources */,
				083D471717D7FB310081FE4B /* bubble-default-incoming-selected@2x.png in Resources */,
				083D471817D7FB310081FE4B /* bubble-default-incoming.png in Resources */,
				083D471917D7FB310081FE4B /* bubble-default-incoming@2x.png in Resources */,
				083D471A17D7FB310081FE4B /* bubble-default-outgoing-green.png in Resources */,
				083D471B17D7FB310081FE4B /* bubble-default-outgoing-green@2x.png in Resources */,
				083D471C17D7FB310081FE4B /* bubble-default-outgoing-selected.png in Resources */,
				083D471D17D7FB310081FE4B /* bubble-default-outgoing-selected@2x.png in Resources */,
				083D471E17D7FB310081FE4B /* bubble-default-outgoing.png in Resources */,
				083D471F17D7FB310081FE4B /* bubble-default-outgoing@2x.png in Resources */,
				083D472017D7FB310081FE4B /* bubble-square-incoming-selected.png in Resources */,
				083D472117D7FB310081FE4B /* bubble-square-incoming-selected@2x.png in Resources */,
				083D472217D7FB310081FE4B /* bubble-square-incoming.png in Resources */,
				083D472317D7FB310081FE4B /* bubble-square-incoming@2x.png in Resources */,
				083D472417D7FB310081FE4B /* bubble-square-outgoing-selected.png in Resources */,
				083D472517D7FB310081FE4B /* bubble-square-outgoing-selected@2x.png in Resources */,
				083D472617D7FB310081FE4B /* bubble-square-outgoing.png in Resources */,
				083D472717D7FB310081FE4B /* bubble-square-outgoing@2x.png in Resources */,
				083D472817D7FB310081FE4B /* bubble-typing.png in Resources */,
				083D472917D7FB310081FE4B /* bubble-typing@2x.png in Resources */,
				083D472A17D7FB310081FE4B /* input-bar.png in Resources */,
				083D472B17D7FB310081FE4B /* input-bar@2x.png in Resources */,
				083D472C17D7FB310081FE4B /* input-field.png in Resources */,
				083D472D17D7FB310081FE4B /* input-field@2x.png in Resources */,
				083D472E17D7FB310081FE4B /* send-highlighted.png in Resources */,
				083D472F17D7FB310081FE4B /* send-highlighted@2x.png in Resources */,
				083D473017D7FB310081FE4B /* send.png in Resources */,
				083D473117D7FB310081FE4B /* send@2x.png in Resources */,
				083D473217D7FB310081FE4B /* messageReceived.aiff in Resources */,
				083D473317D7FB310081FE4B /* messageSent.aiff in Resources */,
			);
			runOnlyForDeploymentPostprocessing = 0;
		};
/* End PBXResourcesBuildPhase section */

/* Begin PBXSourcesBuildPhase section */
		08F45590179F7C8200CB7E2D /* Sources */ = {
			isa = PBXSourcesBuildPhase;
			buildActionMask = 2147483647;
			files = (
				08F455A4179F7C8200CB7E2D /* main.m in Sources */,
				08F455A8179F7C8200CB7E2D /* LSAppDelegate.m in Sources */,
				08B69AF817A0680F00F32A3C /* LSWelcomeViewController.m in Sources */,
				0823B42817A0A4DE00FE86FF /* LSConstants.m in Sources */,
				0823B44617A0D4C700FE86FF /* LSLoadMoreCell.m in Sources */,
				0823B44517A0D4C400FE86FF /* LSListingCell.m in Sources */,
				0823B42D17A0B11500FE86FF /* LSWelcomeButton.m in Sources */,
				0805F28917A7940300963343 /* LSPostPhotoViewController.m in Sources */,
				0805F29217A7946300963343 /* UIImage+ResizeAdditions.m in Sources */,
				0805F29317A7946300963343 /* UIImage+AlphaAdditions.m in Sources */,
				0805F29417A7946300963343 /* UIImage+RoundedCornerAdditions.m in Sources */,
				08F8DCC417AF7E6300A6AE60 /* LSPaddedTextField.m in Sources */,
				08EB0F5017B300D600C5E4FF /* LSSignupViewController.m in Sources */,
				08EB0F5117B300D600C5E4FF /* LSLoginViewController.m in Sources */,
				08EB0F5817B3024C00C5E4FF /* LSActivityView.m in Sources */,
				08EB0F5B17B303EA00C5E4FF /* LSLoginSignupViewController.m in Sources */,
				08EB0F6017B32DA300C5E4FF /* LSLocationController.m in Sources */,
				08EB0F6417B3496100C5E4FF /* LSMapViewController.m in Sources */,
				08EB0F6E17B3559D00C5E4FF /* LSPost.m in Sources */,
				08EB0F7317B35C0600C5E4FF /* LSCameraPresenterController.m in Sources */,
				08EB0F7917B4738000C5E4FF /* LSConversationViewController.m in Sources */,
				08EB0F7C17B4782D00C5E4FF /* LSConversationCell.m in Sources */,
				08EB0F7F17B47A6000C5E4FF /* TTTTimeIntervalFormatter.m in Sources */,
				08EB0F8417B569F300C5E4FF /* LSConversationSummaryViewController.m in Sources */,
				08EB0F8817B8857200C5E4FF /* LSConversationSummaryCell.m in Sources */,
				08AB64F317BEB55D00EF8D0D /* LSPostDetailViewController.m in Sources */,
				08AB64F817C034D700EF8D0D /* LSTabBarController.m in Sources */,
				5D77659017D79F8700F34A02 /* LSMeViewController.m in Sources */,
				08E05CEC17D7A53800393A3D /* PFUser+PrivateChannelName.m in Sources */,
				083D470D17D7FB310081FE4B /* JSBubbleMessageCell.m in Sources */,
				083D470E17D7FB310081FE4B /* JSBubbleView.m in Sources */,
				083D470F17D7FB310081FE4B /* JSDismissiveTextView.m in Sources */,
				083D471017D7FB310081FE4B /* JSMessageInputView.m in Sources */,
				083D471117D7FB310081FE4B /* JSMessageSoundEffect.m in Sources */,
				083D471217D7FB310081FE4B /* JSMessagesViewController.m in Sources */,
				083D471317D7FB310081FE4B /* NSString+JSMessagesView.m in Sources */,
				083D473417D7FB310081FE4B /* UIButton+JSMessagesView.m in Sources */,
				083D473517D7FB310081FE4B /* UIColor+JSMessagesView.m in Sources */,
				083D473617D7FB310081FE4B /* UIImage+JSMessagesView.m in Sources */,
				083D473717D7FB310081FE4B /* UIView+AnimationOptionsForCurve.m in Sources */,
				5D77659717D8242500F34A02 /* LSCameraOverlayRect.m in Sources */,
				083D474017DD2C670081FE4B /* LSNewConversationViewController.m in Sources */,
				083D474317DD31CA0081FE4B /* LSConversationHeader.m in Sources */,
			);
			runOnlyForDeploymentPostprocessing = 0;
		};
/* End PBXSourcesBuildPhase section */

/* Begin PBXVariantGroup section */
		08F455A0179F7C8200CB7E2D /* InfoPlist.strings */ = {
			isa = PBXVariantGroup;
			children = (
				08F455A1179F7C8200CB7E2D /* en */,
			);
			name = InfoPlist.strings;
			sourceTree = "<group>";
		};
/* End PBXVariantGroup section */

/* Begin XCBuildConfiguration section */
		08F455B5179F7C8200CB7E2D /* Debug */ = {
			isa = XCBuildConfiguration;
			buildSettings = {
				ALWAYS_SEARCH_USER_PATHS = NO;
				CLANG_CXX_LANGUAGE_STANDARD = "gnu++0x";
				CLANG_CXX_LIBRARY = "libc++";
				CLANG_ENABLE_OBJC_ARC = YES;
				CLANG_WARN_CONSTANT_CONVERSION = YES;
				CLANG_WARN_EMPTY_BODY = YES;
				CLANG_WARN_ENUM_CONVERSION = YES;
				CLANG_WARN_INT_CONVERSION = YES;
				CLANG_WARN__DUPLICATE_METHOD_MATCH = YES;
				CODE_SIGN_IDENTITY = "iPhone Developer";
				"CODE_SIGN_IDENTITY[sdk=iphoneos*]" = "iPhone Developer";
				COPY_PHASE_STRIP = NO;
				CURRENT_PROJECT_VERSION = 3;
				GCC_C_LANGUAGE_STANDARD = gnu99;
				GCC_DYNAMIC_NO_PIC = NO;
				GCC_OPTIMIZATION_LEVEL = 0;
				GCC_PREPROCESSOR_DEFINITIONS = (
					"DEBUG=1",
					"$(inherited)",
				);
				GCC_SYMBOLS_PRIVATE_EXTERN = NO;
				GCC_WARN_ABOUT_RETURN_TYPE = YES;
				GCC_WARN_UNINITIALIZED_AUTOS = YES;
				GCC_WARN_UNUSED_VARIABLE = YES;
				IPHONEOS_DEPLOYMENT_TARGET = 6.1;
				ONLY_ACTIVE_ARCH = YES;
				PROVISIONING_PROFILE = "";
				"PROVISIONING_PROFILE[sdk=iphoneos*]" = "";
				SDKROOT = iphoneos;
				VERSIONING_SYSTEM = "apple-generic";
			};
			name = Debug;
		};
		08F455B6179F7C8200CB7E2D /* Release */ = {
			isa = XCBuildConfiguration;
			buildSettings = {
				ALWAYS_SEARCH_USER_PATHS = NO;
				CLANG_CXX_LANGUAGE_STANDARD = "gnu++0x";
				CLANG_CXX_LIBRARY = "libc++";
				CLANG_ENABLE_OBJC_ARC = YES;
				CLANG_WARN_CONSTANT_CONVERSION = YES;
				CLANG_WARN_EMPTY_BODY = YES;
				CLANG_WARN_ENUM_CONVERSION = YES;
				CLANG_WARN_INT_CONVERSION = YES;
				CLANG_WARN__DUPLICATE_METHOD_MATCH = YES;
				CODE_SIGN_IDENTITY = "iPhone Distribution: Greased Watermelon LLC (653PB2MCQP)";
				"CODE_SIGN_IDENTITY[sdk=iphoneos*]" = "iPhone Distribution";
				COPY_PHASE_STRIP = YES;
				CURRENT_PROJECT_VERSION = 3;
				GCC_C_LANGUAGE_STANDARD = gnu99;
				GCC_WARN_ABOUT_RETURN_TYPE = YES;
				GCC_WARN_UNINITIALIZED_AUTOS = YES;
				GCC_WARN_UNUSED_VARIABLE = YES;
				IPHONEOS_DEPLOYMENT_TARGET = 6.1;
				OTHER_CFLAGS = "-DNS_BLOCK_ASSERTIONS=1";
				PROVISIONING_PROFILE = "778A0F79-18EC-47B3-844D-C8ED1F198FC3";
				"PROVISIONING_PROFILE[sdk=iphoneos*]" = "";
				SDKROOT = iphoneos;
				VALIDATE_PRODUCT = YES;
				VERSIONING_SYSTEM = "apple-generic";
			};
			name = Release;
		};
		08F455B8179F7C8200CB7E2D /* Debug */ = {
			isa = XCBuildConfiguration;
			buildSettings = {
				FRAMEWORK_SEARCH_PATHS = (
					"$(inherited)",
					"\"$(SRCROOT)\"",
					"\"$(SRCROOT)/HockeySDK.embeddedframework\"",
				);
				GCC_PRECOMPILE_PREFIX_HEADER = YES;
				GCC_PREFIX_HEADER = "LeftoverSwap/LeftoverSwap-Prefix.pch";
				INFOPLIST_FILE = "LeftoverSwap/LeftoverSwap-Info.plist";
				IPHONEOS_DEPLOYMENT_TARGET = 5.0;
				LIBRARY_SEARCH_PATHS = (
					"$(inherited)",
					"\"$(SRCROOT)\"",
				);
				PRODUCT_NAME = "$(TARGET_NAME)";
				WRAPPER_EXTENSION = app;
			};
			name = Debug;
		};
		08F455B9179F7C8200CB7E2D /* Release */ = {
			isa = XCBuildConfiguration;
			buildSettings = {
				FRAMEWORK_SEARCH_PATHS = (
					"$(inherited)",
					"\"$(SRCROOT)\"",
					"\"$(SRCROOT)/HockeySDK.embeddedframework\"",
				);
				GCC_PRECOMPILE_PREFIX_HEADER = YES;
				GCC_PREFIX_HEADER = "LeftoverSwap/LeftoverSwap-Prefix.pch";
				INFOPLIST_FILE = "LeftoverSwap/LeftoverSwap-Info.plist";
				IPHONEOS_DEPLOYMENT_TARGET = 5.0;
				LIBRARY_SEARCH_PATHS = (
					"$(inherited)",
					"\"$(SRCROOT)\"",
				);
				PRODUCT_NAME = "$(TARGET_NAME)";
				WRAPPER_EXTENSION = app;
			};
			name = Release;
		};
/* End XCBuildConfiguration section */

/* Begin XCConfigurationList section */
		08F4558F179F7C8200CB7E2D /* Build configuration list for PBXProject "LeftoverSwap" */ = {
			isa = XCConfigurationList;
			buildConfigurations = (
				08F455B5179F7C8200CB7E2D /* Debug */,
				08F455B6179F7C8200CB7E2D /* Release */,
			);
			defaultConfigurationIsVisible = 0;
			defaultConfigurationName = Release;
		};
		08F455B7179F7C8200CB7E2D /* Build configuration list for PBXNativeTarget "LeftoverSwap" */ = {
			isa = XCConfigurationList;
			buildConfigurations = (
				08F455B8179F7C8200CB7E2D /* Debug */,
				08F455B9179F7C8200CB7E2D /* Release */,
			);
			defaultConfigurationIsVisible = 0;
			defaultConfigurationName = Release;
		};
/* End XCConfigurationList section */
	};
	rootObject = 08F4558C179F7C8200CB7E2D /* Project object */;
}
